
Microsoft Visual Studio Solution File, Format Version 12.00
# Visual Studio Version 16
VisualStudioVersion = 16.0.29926.136
MinimumVisualStudioVersion = 10.0.40219.1
Project("{9A19103F-16F7-4668-BE54-9A1E7A4F7556}") = "AspNetCoreMvcApplication", "ASP.NET\MVC.Core\CS\AspNetCoreMvcApplication.csproj", "{7BCBAE44-328C-4210-91C7-D59F6694F6E1}"
EndProject
Project("{FAE04EC0-301F-11D3-BF4B-00C04F79EFBC}") = "AspNetMvcApplication", "ASP.NET\MVC5\CS\AspNetMvcApplication.csproj", "{1DFF824F-133F-41B1-ABB0-2836C99D826D}"
EndProject
Project("{9A19103F-16F7-4668-BE54-9A1E7A4F7556}") = "AspNetCoreRazorPagesApplication", "ASP.NET\MVC.RazorPages\CS\AspNetCoreRazorPagesApplication.csproj", "{60A4CA97-8A2C-4675-927D-D94B00E378EA}"
EndProject
Project("{9A19103F-16F7-4668-BE54-9A1E7A4F7556}") = "NetCoreConsoleApplication", "Console\CS\NetCoreConsoleApplication.csproj", "{5E445F5D-1ED0-498B-A378-1974391AD7B7}"
EndProject
Project("{FAE04EC0-301F-11D3-BF4B-00C04F79EFBC}") = "XamarinFormsAndroidApplication", "Xamarin.Forms\Android\CS\XamarinFormsAndroidApplication.csproj", "{71CBEDA2-F4C7-4ADF-AA3C-BA1DA6B24202}"
EndProject
Project("{FAE04EC0-301F-11D3-BF4B-00C04F79EFBC}") = "XamarinFormsIosApplication", "Xamarin.Forms\iOS\CS\XamarinFormsIosApplication.csproj", "{DE61F67E-63BE-4450-8144-4E2A09F34A54}"
EndProject
Project("{9A19103F-16F7-4668-BE54-9A1E7A4F7556}") = "XamarinFormsUIApplication", "Xamarin.Forms\UI\CS\XamarinFormsUIApplication.csproj", "{6BC91C38-AFA2-4415-A2AC-3AE4F36DF3ED}"
EndProject
Project("{FAE04EC0-301F-11D3-BF4B-00C04F79EFBC}") = "XamarinFormsUwpApplication", "Xamarin.Forms\UWP\CS\XamarinFormsUwpApplication.csproj", "{764DAFCC-D2AF-4DD7-B18F-43FEA10E1A01}"
EndProject
Project("{FAE04EC0-301F-11D3-BF4B-00C04F79EFBC}") = "AspNetWebFormsApplication", "ASP.NET\WebForms\CS\AspNetWebFormsApplication.csproj", "{2CDC97E2-FEBE-4070-87E8-C23EF7E577A7}"
EndProject
Project("{FAE04EC0-301F-11D3-BF4B-00C04F79EFBC}") = "WpfApplication", "WPF\Classic\CS\WpfApplication.csproj", "{7440A834-FE7C-4360-BCE1-6AA2E5246D2B}"
EndProject
Project("{2150E333-8FDC-42A3-9474-1A3956D46DE8}") = "WPF", "WPF", "{20154D21-5C35-4FFE-8D0D-C762EF10B595}"
EndProject
Project("{2150E333-8FDC-42A3-9474-1A3956D46DE8}") = "Classic", "Classic", "{E6095F2B-CD3E-44E9-90AF-98CD927365C6}"
EndProject
Project("{2150E333-8FDC-42A3-9474-1A3956D46DE8}") = "CS", "CS", "{9D99E39E-F476-4378-9E50-62F2B9878D26}"
EndProject
Project("{2150E333-8FDC-42A3-9474-1A3956D46DE8}") = "ASP.NET", "ASP.NET", "{481E39A1-D56F-46F2-8D97-1F82BDECD5C7}"
EndProject
Project("{2150E333-8FDC-42A3-9474-1A3956D46DE8}") = "WebForms", "WebForms", "{A9DF5EA1-16FD-4184-87B9-D9CA1DC667A3}"
EndProject
Project("{2150E333-8FDC-42A3-9474-1A3956D46DE8}") = "CS", "CS", "{B012B196-CBA4-43D7-B1FE-89865AE6867B}"
EndProject
Project("{2150E333-8FDC-42A3-9474-1A3956D46DE8}") = "MVC5", "MVC5", "{85C772DF-7C04-4874-85AA-A53E11337BFE}"
EndProject
Project("{2150E333-8FDC-42A3-9474-1A3956D46DE8}") = "CS", "CS", "{74DB6B1A-CA10-42A9-A98F-91D48919D90C}"
EndProject
Project("{2150E333-8FDC-42A3-9474-1A3956D46DE8}") = "MVC.RazorPages", "MVC.RazorPages", "{EF8BDFCD-F930-42AF-95CC-8EC1CF12FA13}"
EndProject
Project("{2150E333-8FDC-42A3-9474-1A3956D46DE8}") = "CS", "CS", "{15DE1CC1-E01C-436B-B33E-999FFE71D0D0}"
EndProject
Project("{2150E333-8FDC-42A3-9474-1A3956D46DE8}") = "MVC.Core", "MVC.Core", "{F01DE224-0495-4390-A1CE-6384DD203BE4}"
EndProject
Project("{2150E333-8FDC-42A3-9474-1A3956D46DE8}") = "CS", "CS", "{70A3A8F4-E671-48D6-8253-5C0944CE7197}"
EndProject
Project("{2150E333-8FDC-42A3-9474-1A3956D46DE8}") = "WinForms", "WinForms", "{868CCC5C-EC0E-4343-8FC6-D34D759473B2}"
EndProject
Project("{2150E333-8FDC-42A3-9474-1A3956D46DE8}") = "Classic", "Classic", "{0580497E-B476-4BCD-93C7-DC4129950E58}"
EndProject
Project("{2150E333-8FDC-42A3-9474-1A3956D46DE8}") = "CS", "CS", "{D35F0131-5A2B-4119-9FB5-414ECE3229CA}"
EndProject
Project("{2150E333-8FDC-42A3-9474-1A3956D46DE8}") = "Console", "Console", "{59E6230E-AE73-40CD-A734-B21BDAF5BAE0}"
EndProject
Project("{2150E333-8FDC-42A3-9474-1A3956D46DE8}") = "CS", "CS", "{EB459CF1-289B-4255-B3EB-0629E8651131}"
EndProject
Project("{2150E333-8FDC-42A3-9474-1A3956D46DE8}") = "Xamarin.Forms", "Xamarin.Forms", "{1B873B49-5273-4630-8B5B-69A0203B70CF}"
EndProject
Project("{2150E333-8FDC-42A3-9474-1A3956D46DE8}") = "Android", "Android", "{35886C77-8DBD-425A-83DB-923E59A8D738}"
EndProject
Project("{2150E333-8FDC-42A3-9474-1A3956D46DE8}") = "iOS", "iOS", "{ED290383-FB84-4ACC-94B9-252732177E0C}"
EndProject
Project("{2150E333-8FDC-42A3-9474-1A3956D46DE8}") = "UWP", "UWP", "{56CFD0EF-1141-4A77-A691-E4261CAA7112}"
EndProject
Project("{2150E333-8FDC-42A3-9474-1A3956D46DE8}") = "UI", "UI", "{65265E1F-7B92-4356-9492-634A7E91083A}"
EndProject
Project("{2150E333-8FDC-42A3-9474-1A3956D46DE8}") = "CS", "CS", "{2B0A0827-D8DC-4D7D-BCE9-09021B1BDAC6}"
EndProject
Project("{2150E333-8FDC-42A3-9474-1A3956D46DE8}") = "CS", "CS", "{20A5EBE5-5F34-4016-B7C0-E62E7695DB0E}"
EndProject
Project("{2150E333-8FDC-42A3-9474-1A3956D46DE8}") = "CS", "CS", "{C2FD602A-FD50-49CF-8FDC-683B1D222081}"
EndProject
Project("{2150E333-8FDC-42A3-9474-1A3956D46DE8}") = "CS", "CS", "{5CD7BF24-D4AF-4D7A-AB0C-6072B17645DC}"
EndProject
Project("{2150E333-8FDC-42A3-9474-1A3956D46DE8}") = "VB", "VB", "{F5713DFA-4215-45EE-8A31-E214CBF6FC7B}"
EndProject
Project("{2150E333-8FDC-42A3-9474-1A3956D46DE8}") = "VB", "VB", "{84F7ABCD-C84E-4802-A876-18EAEA539116}"
EndProject
Project("{2150E333-8FDC-42A3-9474-1A3956D46DE8}") = "VB", "VB", "{69AAC28B-D611-4ABB-8113-F58464FD5B79}"
EndProject
Project("{2150E333-8FDC-42A3-9474-1A3956D46DE8}") = "VB", "VB", "{D919C48F-19A3-4F3D-92AE-0940B1AF0CBD}"
EndProject
Project("{F184B08F-C81C-45F6-A57F-5ABD9991F28F}") = "AspNetMvcApplication", "ASP.NET\MVC5\VB\AspNetMvcApplication.vbproj", "{5CEDF63C-F00D-4FFF-A6A8-7B84CF76DFC6}"
EndProject
Project("{F184B08F-C81C-45F6-A57F-5ABD9991F28F}") = "AspNetWebFormsApplication", "ASP.NET\WebForms\VB\AspNetWebFormsApplication.vbproj", "{6F4582A1-48D6-4E31-92A0-5032E036FAE7}"
EndProject
Project("{F184B08F-C81C-45F6-A57F-5ABD9991F28F}") = "WpfApplication", "WPF\Classic\VB\WpfApplication.vbproj", "{21F37441-231D-4AF3-85BB-E27D766A9EEB}"
EndProject
Project("{2150E333-8FDC-42A3-9474-1A3956D46DE8}") = "VB", "VB", "{F762FFE7-9B44-47AE-98DA-1259232821A0}"
EndProject
Project("{778DAE3C-4631-46EA-AA77-85C1314464D9}") = "NetCoreConsoleApplication", "Console\VB\NetCoreConsoleApplication.vbproj", "{9D9D90F3-3E7A-4847-A956-B077E2CC6064}"
EndProject
Project("{2150E333-8FDC-42A3-9474-1A3956D46DE8}") = "DevExpress.MVVM", "DevExpress.MVVM", "{1AA7C2B5-DEC8-4C0C-A0E7-1CE5CFF0AC72}"
EndProject
Project("{2150E333-8FDC-42A3-9474-1A3956D46DE8}") = "CS", "CS", "{1F624DC6-AB48-4C00-AC73-CEE6633FACF6}"
EndProject
Project("{FAE04EC0-301F-11D3-BF4B-00C04F79EFBC}") = "WpfApplicationMvvm", "WPF\DevExpress.MVVM\CS\WpfApplicationMvvm.csproj", "{0670A5C2-C126-4DA1-9C88-B103E8CF36F5}"
EndProject
Project("{2150E333-8FDC-42A3-9474-1A3956D46DE8}") = "VB", "VB", "{F4B2DEA5-E916-4AE7-92A5-CAF4C882F498}"
EndProject
Project("{F184B08F-C81C-45F6-A57F-5ABD9991F28F}") = "WpfApplicationMvvm", "WPF\DevExpress.MVVM\VB\WpfApplicationMvvm.vbproj", "{0C734B75-006C-41D3-8C52-2DC2B60E1AFC}"
EndProject
Project("{2150E333-8FDC-42A3-9474-1A3956D46DE8}") = "Blazor.ServerSide", "Blazor.ServerSide", "{967C433E-8528-47C1-8DD7-D3FF32A5A179}"
EndProject
Project("{2150E333-8FDC-42A3-9474-1A3956D46DE8}") = "CS", "CS", "{78BADB7B-65FD-46EF-877A-AF2630DB34CD}"
EndProject
Project("{9A19103F-16F7-4668-BE54-9A1E7A4F7556}") = "BlazorServerSideApplication", "ASP.NET\Blazor.ServerSide\CS\BlazorServerSideApplication.csproj", "{2023F4AD-0EE6-41FF-B44F-9A57A944DBF7}"
EndProject
Project("{2150E333-8FDC-42A3-9474-1A3956D46DE8}") = "Solution Items", "Solution Items", "{E9EE4042-E4A1-4E46-BD2B-CA02762110D2}"
	ProjectSection(SolutionItems) = preProject
		.editorconfig = .editorconfig
	EndProjectSection
EndProject
Project("{FAE04EC0-301F-11D3-BF4B-00C04F79EFBC}") = "WinFormsApplication", "WinForms\Classic\CS\WinFormsApplication.csproj", "{01A487FB-9A20-4161-8F06-178D48B48526}"
EndProject
Project("{F184B08F-C81C-45F6-A57F-5ABD9991F28F}") = "WinFormsApplication", "WinForms\Classic\VB\WinFormsApplication.vbproj", "{B1078E26-098B-46A9-9D07-6962CC26C218}"
EndProject
Project("{2150E333-8FDC-42A3-9474-1A3956D46DE8}") = "Classic.Core", "Classic.Core", "{BE7ECFC4-D4B7-45C3-A107-5F42C6B440B7}"
EndProject
Project("{2150E333-8FDC-42A3-9474-1A3956D46DE8}") = "CS", "CS", "{6944CE18-627D-4F90-8ACD-8B0A652ABD6D}"
EndProject
Project("{9A19103F-16F7-4668-BE54-9A1E7A4F7556}") = "WpfApplication", "WPF\Classic.Core\CS\WpfApplication.csproj", "{05DF3B97-7160-4C46-BE01-94F1BA59233C}"
EndProject
Project("{2150E333-8FDC-42A3-9474-1A3956D46DE8}") = "VB", "VB", "{919A6D82-94AD-4B87-9E21-3DBA70094430}"
EndProject
Project("{F184B08F-C81C-45F6-A57F-5ABD9991F28F}") = "WpfApplication", "WPF\Classic.Core\VB\WpfApplication.vbproj", "{2DC6A5F2-1E75-4022-89FA-C54991D026C5}"
EndProject
Global
	GlobalSection(SolutionConfigurationPlatforms) = preSolution
		Debug|Any CPU = Debug|Any CPU
		Debug|ARM = Debug|ARM
		Debug|iPhone = Debug|iPhone
		Debug|iPhoneSimulator = Debug|iPhoneSimulator
		Debug|x64 = Debug|x64
		Debug|x86 = Debug|x86
		Release|Any CPU = Release|Any CPU
		Release|ARM = Release|ARM
		Release|iPhone = Release|iPhone
		Release|iPhoneSimulator = Release|iPhoneSimulator
		Release|x64 = Release|x64
		Release|x86 = Release|x86
	EndGlobalSection
	GlobalSection(ProjectConfigurationPlatforms) = postSolution
		{7BCBAE44-328C-4210-91C7-D59F6694F6E1}.Debug|Any CPU.ActiveCfg = Debug|Any CPU
		{7BCBAE44-328C-4210-91C7-D59F6694F6E1}.Debug|Any CPU.Build.0 = Debug|Any CPU
		{7BCBAE44-328C-4210-91C7-D59F6694F6E1}.Debug|ARM.ActiveCfg = Debug|Any CPU
		{7BCBAE44-328C-4210-91C7-D59F6694F6E1}.Debug|ARM.Build.0 = Debug|Any CPU
		{7BCBAE44-328C-4210-91C7-D59F6694F6E1}.Debug|iPhone.ActiveCfg = Debug|Any CPU
		{7BCBAE44-328C-4210-91C7-D59F6694F6E1}.Debug|iPhone.Build.0 = Debug|Any CPU
		{7BCBAE44-328C-4210-91C7-D59F6694F6E1}.Debug|iPhoneSimulator.ActiveCfg = Debug|Any CPU
		{7BCBAE44-328C-4210-91C7-D59F6694F6E1}.Debug|iPhoneSimulator.Build.0 = Debug|Any CPU
		{7BCBAE44-328C-4210-91C7-D59F6694F6E1}.Debug|x64.ActiveCfg = Debug|Any CPU
		{7BCBAE44-328C-4210-91C7-D59F6694F6E1}.Debug|x64.Build.0 = Debug|Any CPU
		{7BCBAE44-328C-4210-91C7-D59F6694F6E1}.Debug|x86.ActiveCfg = Debug|Any CPU
		{7BCBAE44-328C-4210-91C7-D59F6694F6E1}.Debug|x86.Build.0 = Debug|Any CPU
		{7BCBAE44-328C-4210-91C7-D59F6694F6E1}.Release|Any CPU.ActiveCfg = Release|Any CPU
		{7BCBAE44-328C-4210-91C7-D59F6694F6E1}.Release|Any CPU.Build.0 = Release|Any CPU
		{7BCBAE44-328C-4210-91C7-D59F6694F6E1}.Release|ARM.ActiveCfg = Release|Any CPU
		{7BCBAE44-328C-4210-91C7-D59F6694F6E1}.Release|ARM.Build.0 = Release|Any CPU
		{7BCBAE44-328C-4210-91C7-D59F6694F6E1}.Release|iPhone.ActiveCfg = Release|Any CPU
		{7BCBAE44-328C-4210-91C7-D59F6694F6E1}.Release|iPhone.Build.0 = Release|Any CPU
		{7BCBAE44-328C-4210-91C7-D59F6694F6E1}.Release|iPhoneSimulator.ActiveCfg = Release|Any CPU
		{7BCBAE44-328C-4210-91C7-D59F6694F6E1}.Release|iPhoneSimulator.Build.0 = Release|Any CPU
		{7BCBAE44-328C-4210-91C7-D59F6694F6E1}.Release|x64.ActiveCfg = Release|Any CPU
		{7BCBAE44-328C-4210-91C7-D59F6694F6E1}.Release|x64.Build.0 = Release|Any CPU
		{7BCBAE44-328C-4210-91C7-D59F6694F6E1}.Release|x86.ActiveCfg = Release|Any CPU
		{7BCBAE44-328C-4210-91C7-D59F6694F6E1}.Release|x86.Build.0 = Release|Any CPU
		{1DFF824F-133F-41B1-ABB0-2836C99D826D}.Debug|Any CPU.ActiveCfg = Debug|Any CPU
		{1DFF824F-133F-41B1-ABB0-2836C99D826D}.Debug|Any CPU.Build.0 = Debug|Any CPU
		{1DFF824F-133F-41B1-ABB0-2836C99D826D}.Debug|ARM.ActiveCfg = Debug|Any CPU
		{1DFF824F-133F-41B1-ABB0-2836C99D826D}.Debug|ARM.Build.0 = Debug|Any CPU
		{1DFF824F-133F-41B1-ABB0-2836C99D826D}.Debug|iPhone.ActiveCfg = Debug|Any CPU
		{1DFF824F-133F-41B1-ABB0-2836C99D826D}.Debug|iPhone.Build.0 = Debug|Any CPU
		{1DFF824F-133F-41B1-ABB0-2836C99D826D}.Debug|iPhoneSimulator.ActiveCfg = Debug|Any CPU
		{1DFF824F-133F-41B1-ABB0-2836C99D826D}.Debug|iPhoneSimulator.Build.0 = Debug|Any CPU
		{1DFF824F-133F-41B1-ABB0-2836C99D826D}.Debug|x64.ActiveCfg = Debug|Any CPU
		{1DFF824F-133F-41B1-ABB0-2836C99D826D}.Debug|x64.Build.0 = Debug|Any CPU
		{1DFF824F-133F-41B1-ABB0-2836C99D826D}.Debug|x86.ActiveCfg = Debug|Any CPU
		{1DFF824F-133F-41B1-ABB0-2836C99D826D}.Debug|x86.Build.0 = Debug|Any CPU
		{1DFF824F-133F-41B1-ABB0-2836C99D826D}.Release|Any CPU.ActiveCfg = Release|Any CPU
		{1DFF824F-133F-41B1-ABB0-2836C99D826D}.Release|Any CPU.Build.0 = Release|Any CPU
		{1DFF824F-133F-41B1-ABB0-2836C99D826D}.Release|ARM.ActiveCfg = Release|Any CPU
		{1DFF824F-133F-41B1-ABB0-2836C99D826D}.Release|ARM.Build.0 = Release|Any CPU
		{1DFF824F-133F-41B1-ABB0-2836C99D826D}.Release|iPhone.ActiveCfg = Release|Any CPU
		{1DFF824F-133F-41B1-ABB0-2836C99D826D}.Release|iPhone.Build.0 = Release|Any CPU
		{1DFF824F-133F-41B1-ABB0-2836C99D826D}.Release|iPhoneSimulator.ActiveCfg = Release|Any CPU
		{1DFF824F-133F-41B1-ABB0-2836C99D826D}.Release|iPhoneSimulator.Build.0 = Release|Any CPU
		{1DFF824F-133F-41B1-ABB0-2836C99D826D}.Release|x64.ActiveCfg = Release|Any CPU
		{1DFF824F-133F-41B1-ABB0-2836C99D826D}.Release|x64.Build.0 = Release|Any CPU
		{1DFF824F-133F-41B1-ABB0-2836C99D826D}.Release|x86.ActiveCfg = Release|Any CPU
		{1DFF824F-133F-41B1-ABB0-2836C99D826D}.Release|x86.Build.0 = Release|Any CPU
		{60A4CA97-8A2C-4675-927D-D94B00E378EA}.Debug|Any CPU.ActiveCfg = Debug|Any CPU
		{60A4CA97-8A2C-4675-927D-D94B00E378EA}.Debug|Any CPU.Build.0 = Debug|Any CPU
		{60A4CA97-8A2C-4675-927D-D94B00E378EA}.Debug|ARM.ActiveCfg = Debug|Any CPU
		{60A4CA97-8A2C-4675-927D-D94B00E378EA}.Debug|ARM.Build.0 = Debug|Any CPU
		{60A4CA97-8A2C-4675-927D-D94B00E378EA}.Debug|iPhone.ActiveCfg = Debug|Any CPU
		{60A4CA97-8A2C-4675-927D-D94B00E378EA}.Debug|iPhone.Build.0 = Debug|Any CPU
		{60A4CA97-8A2C-4675-927D-D94B00E378EA}.Debug|iPhoneSimulator.ActiveCfg = Debug|Any CPU
		{60A4CA97-8A2C-4675-927D-D94B00E378EA}.Debug|iPhoneSimulator.Build.0 = Debug|Any CPU
		{60A4CA97-8A2C-4675-927D-D94B00E378EA}.Debug|x64.ActiveCfg = Debug|Any CPU
		{60A4CA97-8A2C-4675-927D-D94B00E378EA}.Debug|x64.Build.0 = Debug|Any CPU
		{60A4CA97-8A2C-4675-927D-D94B00E378EA}.Debug|x86.ActiveCfg = Debug|Any CPU
		{60A4CA97-8A2C-4675-927D-D94B00E378EA}.Debug|x86.Build.0 = Debug|Any CPU
		{60A4CA97-8A2C-4675-927D-D94B00E378EA}.Release|Any CPU.ActiveCfg = Release|Any CPU
		{60A4CA97-8A2C-4675-927D-D94B00E378EA}.Release|Any CPU.Build.0 = Release|Any CPU
		{60A4CA97-8A2C-4675-927D-D94B00E378EA}.Release|ARM.ActiveCfg = Release|Any CPU
		{60A4CA97-8A2C-4675-927D-D94B00E378EA}.Release|ARM.Build.0 = Release|Any CPU
		{60A4CA97-8A2C-4675-927D-D94B00E378EA}.Release|iPhone.ActiveCfg = Release|Any CPU
		{60A4CA97-8A2C-4675-927D-D94B00E378EA}.Release|iPhone.Build.0 = Release|Any CPU
		{60A4CA97-8A2C-4675-927D-D94B00E378EA}.Release|iPhoneSimulator.ActiveCfg = Release|Any CPU
		{60A4CA97-8A2C-4675-927D-D94B00E378EA}.Release|iPhoneSimulator.Build.0 = Release|Any CPU
		{60A4CA97-8A2C-4675-927D-D94B00E378EA}.Release|x64.ActiveCfg = Release|Any CPU
		{60A4CA97-8A2C-4675-927D-D94B00E378EA}.Release|x64.Build.0 = Release|Any CPU
		{60A4CA97-8A2C-4675-927D-D94B00E378EA}.Release|x86.ActiveCfg = Release|Any CPU
		{60A4CA97-8A2C-4675-927D-D94B00E378EA}.Release|x86.Build.0 = Release|Any CPU
		{5E445F5D-1ED0-498B-A378-1974391AD7B7}.Debug|Any CPU.ActiveCfg = Debug|Any CPU
		{5E445F5D-1ED0-498B-A378-1974391AD7B7}.Debug|Any CPU.Build.0 = Debug|Any CPU
		{5E445F5D-1ED0-498B-A378-1974391AD7B7}.Debug|ARM.ActiveCfg = Debug|Any CPU
		{5E445F5D-1ED0-498B-A378-1974391AD7B7}.Debug|ARM.Build.0 = Debug|Any CPU
		{5E445F5D-1ED0-498B-A378-1974391AD7B7}.Debug|iPhone.ActiveCfg = Debug|Any CPU
		{5E445F5D-1ED0-498B-A378-1974391AD7B7}.Debug|iPhone.Build.0 = Debug|Any CPU
		{5E445F5D-1ED0-498B-A378-1974391AD7B7}.Debug|iPhoneSimulator.ActiveCfg = Debug|Any CPU
		{5E445F5D-1ED0-498B-A378-1974391AD7B7}.Debug|iPhoneSimulator.Build.0 = Debug|Any CPU
		{5E445F5D-1ED0-498B-A378-1974391AD7B7}.Debug|x64.ActiveCfg = Debug|Any CPU
		{5E445F5D-1ED0-498B-A378-1974391AD7B7}.Debug|x64.Build.0 = Debug|Any CPU
		{5E445F5D-1ED0-498B-A378-1974391AD7B7}.Debug|x86.ActiveCfg = Debug|Any CPU
		{5E445F5D-1ED0-498B-A378-1974391AD7B7}.Debug|x86.Build.0 = Debug|Any CPU
		{5E445F5D-1ED0-498B-A378-1974391AD7B7}.Release|Any CPU.ActiveCfg = Release|Any CPU
		{5E445F5D-1ED0-498B-A378-1974391AD7B7}.Release|Any CPU.Build.0 = Release|Any CPU
		{5E445F5D-1ED0-498B-A378-1974391AD7B7}.Release|ARM.ActiveCfg = Release|Any CPU
		{5E445F5D-1ED0-498B-A378-1974391AD7B7}.Release|ARM.Build.0 = Release|Any CPU
		{5E445F5D-1ED0-498B-A378-1974391AD7B7}.Release|iPhone.ActiveCfg = Release|Any CPU
		{5E445F5D-1ED0-498B-A378-1974391AD7B7}.Release|iPhone.Build.0 = Release|Any CPU
		{5E445F5D-1ED0-498B-A378-1974391AD7B7}.Release|iPhoneSimulator.ActiveCfg = Release|Any CPU
		{5E445F5D-1ED0-498B-A378-1974391AD7B7}.Release|iPhoneSimulator.Build.0 = Release|Any CPU
		{5E445F5D-1ED0-498B-A378-1974391AD7B7}.Release|x64.ActiveCfg = Release|Any CPU
		{5E445F5D-1ED0-498B-A378-1974391AD7B7}.Release|x64.Build.0 = Release|Any CPU
		{5E445F5D-1ED0-498B-A378-1974391AD7B7}.Release|x86.ActiveCfg = Release|Any CPU
		{5E445F5D-1ED0-498B-A378-1974391AD7B7}.Release|x86.Build.0 = Release|Any CPU
		{71CBEDA2-F4C7-4ADF-AA3C-BA1DA6B24202}.Debug|Any CPU.ActiveCfg = Debug|Any CPU
		{71CBEDA2-F4C7-4ADF-AA3C-BA1DA6B24202}.Debug|Any CPU.Build.0 = Debug|Any CPU
		{71CBEDA2-F4C7-4ADF-AA3C-BA1DA6B24202}.Debug|Any CPU.Deploy.0 = Debug|Any CPU
		{71CBEDA2-F4C7-4ADF-AA3C-BA1DA6B24202}.Debug|ARM.ActiveCfg = Debug|Any CPU
		{71CBEDA2-F4C7-4ADF-AA3C-BA1DA6B24202}.Debug|ARM.Build.0 = Debug|Any CPU
		{71CBEDA2-F4C7-4ADF-AA3C-BA1DA6B24202}.Debug|ARM.Deploy.0 = Debug|Any CPU
		{71CBEDA2-F4C7-4ADF-AA3C-BA1DA6B24202}.Debug|iPhone.ActiveCfg = Debug|Any CPU
		{71CBEDA2-F4C7-4ADF-AA3C-BA1DA6B24202}.Debug|iPhone.Build.0 = Debug|Any CPU
		{71CBEDA2-F4C7-4ADF-AA3C-BA1DA6B24202}.Debug|iPhone.Deploy.0 = Debug|Any CPU
		{71CBEDA2-F4C7-4ADF-AA3C-BA1DA6B24202}.Debug|iPhoneSimulator.ActiveCfg = Debug|Any CPU
		{71CBEDA2-F4C7-4ADF-AA3C-BA1DA6B24202}.Debug|iPhoneSimulator.Build.0 = Debug|Any CPU
		{71CBEDA2-F4C7-4ADF-AA3C-BA1DA6B24202}.Debug|iPhoneSimulator.Deploy.0 = Debug|Any CPU
		{71CBEDA2-F4C7-4ADF-AA3C-BA1DA6B24202}.Debug|x64.ActiveCfg = Debug|Any CPU
		{71CBEDA2-F4C7-4ADF-AA3C-BA1DA6B24202}.Debug|x64.Build.0 = Debug|Any CPU
		{71CBEDA2-F4C7-4ADF-AA3C-BA1DA6B24202}.Debug|x64.Deploy.0 = Debug|Any CPU
		{71CBEDA2-F4C7-4ADF-AA3C-BA1DA6B24202}.Debug|x86.ActiveCfg = Debug|Any CPU
		{71CBEDA2-F4C7-4ADF-AA3C-BA1DA6B24202}.Debug|x86.Build.0 = Debug|Any CPU
		{71CBEDA2-F4C7-4ADF-AA3C-BA1DA6B24202}.Debug|x86.Deploy.0 = Debug|Any CPU
		{71CBEDA2-F4C7-4ADF-AA3C-BA1DA6B24202}.Release|Any CPU.ActiveCfg = Release|Any CPU
		{71CBEDA2-F4C7-4ADF-AA3C-BA1DA6B24202}.Release|Any CPU.Build.0 = Release|Any CPU
		{71CBEDA2-F4C7-4ADF-AA3C-BA1DA6B24202}.Release|Any CPU.Deploy.0 = Release|Any CPU
		{71CBEDA2-F4C7-4ADF-AA3C-BA1DA6B24202}.Release|ARM.ActiveCfg = Release|Any CPU
		{71CBEDA2-F4C7-4ADF-AA3C-BA1DA6B24202}.Release|ARM.Build.0 = Release|Any CPU
		{71CBEDA2-F4C7-4ADF-AA3C-BA1DA6B24202}.Release|ARM.Deploy.0 = Release|Any CPU
		{71CBEDA2-F4C7-4ADF-AA3C-BA1DA6B24202}.Release|iPhone.ActiveCfg = Release|Any CPU
		{71CBEDA2-F4C7-4ADF-AA3C-BA1DA6B24202}.Release|iPhone.Build.0 = Release|Any CPU
		{71CBEDA2-F4C7-4ADF-AA3C-BA1DA6B24202}.Release|iPhone.Deploy.0 = Release|Any CPU
		{71CBEDA2-F4C7-4ADF-AA3C-BA1DA6B24202}.Release|iPhoneSimulator.ActiveCfg = Release|Any CPU
		{71CBEDA2-F4C7-4ADF-AA3C-BA1DA6B24202}.Release|iPhoneSimulator.Build.0 = Release|Any CPU
		{71CBEDA2-F4C7-4ADF-AA3C-BA1DA6B24202}.Release|iPhoneSimulator.Deploy.0 = Release|Any CPU
		{71CBEDA2-F4C7-4ADF-AA3C-BA1DA6B24202}.Release|x64.ActiveCfg = Release|Any CPU
		{71CBEDA2-F4C7-4ADF-AA3C-BA1DA6B24202}.Release|x64.Build.0 = Release|Any CPU
		{71CBEDA2-F4C7-4ADF-AA3C-BA1DA6B24202}.Release|x64.Deploy.0 = Release|Any CPU
		{71CBEDA2-F4C7-4ADF-AA3C-BA1DA6B24202}.Release|x86.ActiveCfg = Release|Any CPU
		{71CBEDA2-F4C7-4ADF-AA3C-BA1DA6B24202}.Release|x86.Build.0 = Release|Any CPU
		{71CBEDA2-F4C7-4ADF-AA3C-BA1DA6B24202}.Release|x86.Deploy.0 = Release|Any CPU
		{DE61F67E-63BE-4450-8144-4E2A09F34A54}.Debug|Any CPU.ActiveCfg = Debug|iPhone
		{DE61F67E-63BE-4450-8144-4E2A09F34A54}.Debug|ARM.ActiveCfg = Debug|iPhone
		{DE61F67E-63BE-4450-8144-4E2A09F34A54}.Debug|iPhone.ActiveCfg = Debug|iPhone
		{DE61F67E-63BE-4450-8144-4E2A09F34A54}.Debug|iPhone.Build.0 = Debug|iPhone
		{DE61F67E-63BE-4450-8144-4E2A09F34A54}.Debug|iPhoneSimulator.ActiveCfg = Debug|iPhoneSimulator
		{DE61F67E-63BE-4450-8144-4E2A09F34A54}.Debug|iPhoneSimulator.Build.0 = Debug|iPhoneSimulator
		{DE61F67E-63BE-4450-8144-4E2A09F34A54}.Debug|x64.ActiveCfg = Debug|iPhone
		{DE61F67E-63BE-4450-8144-4E2A09F34A54}.Debug|x86.ActiveCfg = Debug|iPhone
		{DE61F67E-63BE-4450-8144-4E2A09F34A54}.Release|Any CPU.ActiveCfg = Release|iPhone
		{DE61F67E-63BE-4450-8144-4E2A09F34A54}.Release|ARM.ActiveCfg = Release|iPhone
		{DE61F67E-63BE-4450-8144-4E2A09F34A54}.Release|iPhone.ActiveCfg = Release|iPhone
		{DE61F67E-63BE-4450-8144-4E2A09F34A54}.Release|iPhone.Build.0 = Release|iPhone
		{DE61F67E-63BE-4450-8144-4E2A09F34A54}.Release|iPhoneSimulator.ActiveCfg = Release|iPhoneSimulator
		{DE61F67E-63BE-4450-8144-4E2A09F34A54}.Release|iPhoneSimulator.Build.0 = Release|iPhoneSimulator
		{DE61F67E-63BE-4450-8144-4E2A09F34A54}.Release|x64.ActiveCfg = Release|iPhone
		{DE61F67E-63BE-4450-8144-4E2A09F34A54}.Release|x86.ActiveCfg = Release|iPhone
		{6BC91C38-AFA2-4415-A2AC-3AE4F36DF3ED}.Debug|Any CPU.ActiveCfg = Debug|Any CPU
		{6BC91C38-AFA2-4415-A2AC-3AE4F36DF3ED}.Debug|Any CPU.Build.0 = Debug|Any CPU
		{6BC91C38-AFA2-4415-A2AC-3AE4F36DF3ED}.Debug|ARM.ActiveCfg = Debug|Any CPU
		{6BC91C38-AFA2-4415-A2AC-3AE4F36DF3ED}.Debug|ARM.Build.0 = Debug|Any CPU
		{6BC91C38-AFA2-4415-A2AC-3AE4F36DF3ED}.Debug|iPhone.ActiveCfg = Debug|Any CPU
		{6BC91C38-AFA2-4415-A2AC-3AE4F36DF3ED}.Debug|iPhone.Build.0 = Debug|Any CPU
		{6BC91C38-AFA2-4415-A2AC-3AE4F36DF3ED}.Debug|iPhoneSimulator.ActiveCfg = Debug|Any CPU
		{6BC91C38-AFA2-4415-A2AC-3AE4F36DF3ED}.Debug|iPhoneSimulator.Build.0 = Debug|Any CPU
		{6BC91C38-AFA2-4415-A2AC-3AE4F36DF3ED}.Debug|x64.ActiveCfg = Debug|Any CPU
		{6BC91C38-AFA2-4415-A2AC-3AE4F36DF3ED}.Debug|x64.Build.0 = Debug|Any CPU
		{6BC91C38-AFA2-4415-A2AC-3AE4F36DF3ED}.Debug|x86.ActiveCfg = Debug|Any CPU
		{6BC91C38-AFA2-4415-A2AC-3AE4F36DF3ED}.Debug|x86.Build.0 = Debug|Any CPU
		{6BC91C38-AFA2-4415-A2AC-3AE4F36DF3ED}.Release|Any CPU.ActiveCfg = Release|Any CPU
		{6BC91C38-AFA2-4415-A2AC-3AE4F36DF3ED}.Release|Any CPU.Build.0 = Release|Any CPU
		{6BC91C38-AFA2-4415-A2AC-3AE4F36DF3ED}.Release|ARM.ActiveCfg = Release|Any CPU
		{6BC91C38-AFA2-4415-A2AC-3AE4F36DF3ED}.Release|ARM.Build.0 = Release|Any CPU
		{6BC91C38-AFA2-4415-A2AC-3AE4F36DF3ED}.Release|iPhone.ActiveCfg = Release|Any CPU
		{6BC91C38-AFA2-4415-A2AC-3AE4F36DF3ED}.Release|iPhone.Build.0 = Release|Any CPU
		{6BC91C38-AFA2-4415-A2AC-3AE4F36DF3ED}.Release|iPhoneSimulator.ActiveCfg = Release|Any CPU
		{6BC91C38-AFA2-4415-A2AC-3AE4F36DF3ED}.Release|iPhoneSimulator.Build.0 = Release|Any CPU
		{6BC91C38-AFA2-4415-A2AC-3AE4F36DF3ED}.Release|x64.ActiveCfg = Release|Any CPU
		{6BC91C38-AFA2-4415-A2AC-3AE4F36DF3ED}.Release|x64.Build.0 = Release|Any CPU
		{6BC91C38-AFA2-4415-A2AC-3AE4F36DF3ED}.Release|x86.ActiveCfg = Release|Any CPU
		{6BC91C38-AFA2-4415-A2AC-3AE4F36DF3ED}.Release|x86.Build.0 = Release|Any CPU
		{764DAFCC-D2AF-4DD7-B18F-43FEA10E1A01}.Debug|Any CPU.ActiveCfg = Debug|x86
		{764DAFCC-D2AF-4DD7-B18F-43FEA10E1A01}.Debug|ARM.ActiveCfg = Debug|ARM
		{764DAFCC-D2AF-4DD7-B18F-43FEA10E1A01}.Debug|ARM.Build.0 = Debug|ARM
		{764DAFCC-D2AF-4DD7-B18F-43FEA10E1A01}.Debug|ARM.Deploy.0 = Debug|ARM
		{764DAFCC-D2AF-4DD7-B18F-43FEA10E1A01}.Debug|iPhone.ActiveCfg = Debug|x86
		{764DAFCC-D2AF-4DD7-B18F-43FEA10E1A01}.Debug|iPhoneSimulator.ActiveCfg = Debug|x86
		{764DAFCC-D2AF-4DD7-B18F-43FEA10E1A01}.Debug|x64.ActiveCfg = Debug|x64
		{764DAFCC-D2AF-4DD7-B18F-43FEA10E1A01}.Debug|x64.Build.0 = Debug|x64
		{764DAFCC-D2AF-4DD7-B18F-43FEA10E1A01}.Debug|x64.Deploy.0 = Debug|x64
		{764DAFCC-D2AF-4DD7-B18F-43FEA10E1A01}.Debug|x86.ActiveCfg = Debug|x86
		{764DAFCC-D2AF-4DD7-B18F-43FEA10E1A01}.Debug|x86.Build.0 = Debug|x86
		{764DAFCC-D2AF-4DD7-B18F-43FEA10E1A01}.Debug|x86.Deploy.0 = Debug|x86
		{764DAFCC-D2AF-4DD7-B18F-43FEA10E1A01}.Release|Any CPU.ActiveCfg = Release|x86
		{764DAFCC-D2AF-4DD7-B18F-43FEA10E1A01}.Release|ARM.ActiveCfg = Release|ARM
		{764DAFCC-D2AF-4DD7-B18F-43FEA10E1A01}.Release|ARM.Build.0 = Release|ARM
		{764DAFCC-D2AF-4DD7-B18F-43FEA10E1A01}.Release|ARM.Deploy.0 = Release|ARM
		{764DAFCC-D2AF-4DD7-B18F-43FEA10E1A01}.Release|iPhone.ActiveCfg = Release|x86
		{764DAFCC-D2AF-4DD7-B18F-43FEA10E1A01}.Release|iPhoneSimulator.ActiveCfg = Release|x86
		{764DAFCC-D2AF-4DD7-B18F-43FEA10E1A01}.Release|x64.ActiveCfg = Release|x64
		{764DAFCC-D2AF-4DD7-B18F-43FEA10E1A01}.Release|x64.Build.0 = Release|x64
		{764DAFCC-D2AF-4DD7-B18F-43FEA10E1A01}.Release|x64.Deploy.0 = Release|x64
		{764DAFCC-D2AF-4DD7-B18F-43FEA10E1A01}.Release|x86.ActiveCfg = Release|x86
		{764DAFCC-D2AF-4DD7-B18F-43FEA10E1A01}.Release|x86.Build.0 = Release|x86
		{764DAFCC-D2AF-4DD7-B18F-43FEA10E1A01}.Release|x86.Deploy.0 = Release|x86
		{2CDC97E2-FEBE-4070-87E8-C23EF7E577A7}.Debug|Any CPU.ActiveCfg = Debug|Any CPU
		{2CDC97E2-FEBE-4070-87E8-C23EF7E577A7}.Debug|Any CPU.Build.0 = Debug|Any CPU
		{2CDC97E2-FEBE-4070-87E8-C23EF7E577A7}.Debug|ARM.ActiveCfg = Debug|Any CPU
		{2CDC97E2-FEBE-4070-87E8-C23EF7E577A7}.Debug|ARM.Build.0 = Debug|Any CPU
		{2CDC97E2-FEBE-4070-87E8-C23EF7E577A7}.Debug|iPhone.ActiveCfg = Debug|Any CPU
		{2CDC97E2-FEBE-4070-87E8-C23EF7E577A7}.Debug|iPhone.Build.0 = Debug|Any CPU
		{2CDC97E2-FEBE-4070-87E8-C23EF7E577A7}.Debug|iPhoneSimulator.ActiveCfg = Debug|Any CPU
		{2CDC97E2-FEBE-4070-87E8-C23EF7E577A7}.Debug|iPhoneSimulator.Build.0 = Debug|Any CPU
		{2CDC97E2-FEBE-4070-87E8-C23EF7E577A7}.Debug|x64.ActiveCfg = Debug|Any CPU
		{2CDC97E2-FEBE-4070-87E8-C23EF7E577A7}.Debug|x64.Build.0 = Debug|Any CPU
		{2CDC97E2-FEBE-4070-87E8-C23EF7E577A7}.Debug|x86.ActiveCfg = Debug|Any CPU
		{2CDC97E2-FEBE-4070-87E8-C23EF7E577A7}.Debug|x86.Build.0 = Debug|Any CPU
		{2CDC97E2-FEBE-4070-87E8-C23EF7E577A7}.Release|Any CPU.ActiveCfg = Release|Any CPU
		{2CDC97E2-FEBE-4070-87E8-C23EF7E577A7}.Release|Any CPU.Build.0 = Release|Any CPU
		{2CDC97E2-FEBE-4070-87E8-C23EF7E577A7}.Release|ARM.ActiveCfg = Release|Any CPU
		{2CDC97E2-FEBE-4070-87E8-C23EF7E577A7}.Release|ARM.Build.0 = Release|Any CPU
		{2CDC97E2-FEBE-4070-87E8-C23EF7E577A7}.Release|iPhone.ActiveCfg = Release|Any CPU
		{2CDC97E2-FEBE-4070-87E8-C23EF7E577A7}.Release|iPhone.Build.0 = Release|Any CPU
		{2CDC97E2-FEBE-4070-87E8-C23EF7E577A7}.Release|iPhoneSimulator.ActiveCfg = Release|Any CPU
		{2CDC97E2-FEBE-4070-87E8-C23EF7E577A7}.Release|iPhoneSimulator.Build.0 = Release|Any CPU
		{2CDC97E2-FEBE-4070-87E8-C23EF7E577A7}.Release|x64.ActiveCfg = Release|Any CPU
		{2CDC97E2-FEBE-4070-87E8-C23EF7E577A7}.Release|x64.Build.0 = Release|Any CPU
		{2CDC97E2-FEBE-4070-87E8-C23EF7E577A7}.Release|x86.ActiveCfg = Release|Any CPU
		{2CDC97E2-FEBE-4070-87E8-C23EF7E577A7}.Release|x86.Build.0 = Release|Any CPU
		{7440A834-FE7C-4360-BCE1-6AA2E5246D2B}.Debug|Any CPU.ActiveCfg = Debug|Any CPU
		{7440A834-FE7C-4360-BCE1-6AA2E5246D2B}.Debug|Any CPU.Build.0 = Debug|Any CPU
		{7440A834-FE7C-4360-BCE1-6AA2E5246D2B}.Debug|ARM.ActiveCfg = Debug|Any CPU
		{7440A834-FE7C-4360-BCE1-6AA2E5246D2B}.Debug|ARM.Build.0 = Debug|Any CPU
		{7440A834-FE7C-4360-BCE1-6AA2E5246D2B}.Debug|iPhone.ActiveCfg = Debug|Any CPU
		{7440A834-FE7C-4360-BCE1-6AA2E5246D2B}.Debug|iPhone.Build.0 = Debug|Any CPU
		{7440A834-FE7C-4360-BCE1-6AA2E5246D2B}.Debug|iPhoneSimulator.ActiveCfg = Debug|Any CPU
		{7440A834-FE7C-4360-BCE1-6AA2E5246D2B}.Debug|iPhoneSimulator.Build.0 = Debug|Any CPU
		{7440A834-FE7C-4360-BCE1-6AA2E5246D2B}.Debug|x64.ActiveCfg = Debug|Any CPU
		{7440A834-FE7C-4360-BCE1-6AA2E5246D2B}.Debug|x64.Build.0 = Debug|Any CPU
		{7440A834-FE7C-4360-BCE1-6AA2E5246D2B}.Debug|x86.ActiveCfg = Debug|Any CPU
		{7440A834-FE7C-4360-BCE1-6AA2E5246D2B}.Debug|x86.Build.0 = Debug|Any CPU
		{7440A834-FE7C-4360-BCE1-6AA2E5246D2B}.Release|Any CPU.ActiveCfg = Release|Any CPU
		{7440A834-FE7C-4360-BCE1-6AA2E5246D2B}.Release|Any CPU.Build.0 = Release|Any CPU
		{7440A834-FE7C-4360-BCE1-6AA2E5246D2B}.Release|ARM.ActiveCfg = Release|Any CPU
		{7440A834-FE7C-4360-BCE1-6AA2E5246D2B}.Release|ARM.Build.0 = Release|Any CPU
		{7440A834-FE7C-4360-BCE1-6AA2E5246D2B}.Release|iPhone.ActiveCfg = Release|Any CPU
		{7440A834-FE7C-4360-BCE1-6AA2E5246D2B}.Release|iPhone.Build.0 = Release|Any CPU
		{7440A834-FE7C-4360-BCE1-6AA2E5246D2B}.Release|iPhoneSimulator.ActiveCfg = Release|Any CPU
		{7440A834-FE7C-4360-BCE1-6AA2E5246D2B}.Release|iPhoneSimulator.Build.0 = Release|Any CPU
		{7440A834-FE7C-4360-BCE1-6AA2E5246D2B}.Release|x64.ActiveCfg = Release|Any CPU
		{7440A834-FE7C-4360-BCE1-6AA2E5246D2B}.Release|x64.Build.0 = Release|Any CPU
		{7440A834-FE7C-4360-BCE1-6AA2E5246D2B}.Release|x86.ActiveCfg = Release|Any CPU
		{7440A834-FE7C-4360-BCE1-6AA2E5246D2B}.Release|x86.Build.0 = Release|Any CPU
		{5CEDF63C-F00D-4FFF-A6A8-7B84CF76DFC6}.Debug|Any CPU.ActiveCfg = Debug|Any CPU
		{5CEDF63C-F00D-4FFF-A6A8-7B84CF76DFC6}.Debug|Any CPU.Build.0 = Debug|Any CPU
		{5CEDF63C-F00D-4FFF-A6A8-7B84CF76DFC6}.Debug|ARM.ActiveCfg = Debug|Any CPU
		{5CEDF63C-F00D-4FFF-A6A8-7B84CF76DFC6}.Debug|ARM.Build.0 = Debug|Any CPU
		{5CEDF63C-F00D-4FFF-A6A8-7B84CF76DFC6}.Debug|iPhone.ActiveCfg = Debug|Any CPU
		{5CEDF63C-F00D-4FFF-A6A8-7B84CF76DFC6}.Debug|iPhone.Build.0 = Debug|Any CPU
		{5CEDF63C-F00D-4FFF-A6A8-7B84CF76DFC6}.Debug|iPhoneSimulator.ActiveCfg = Debug|Any CPU
		{5CEDF63C-F00D-4FFF-A6A8-7B84CF76DFC6}.Debug|iPhoneSimulator.Build.0 = Debug|Any CPU
		{5CEDF63C-F00D-4FFF-A6A8-7B84CF76DFC6}.Debug|x64.ActiveCfg = Debug|Any CPU
		{5CEDF63C-F00D-4FFF-A6A8-7B84CF76DFC6}.Debug|x64.Build.0 = Debug|Any CPU
		{5CEDF63C-F00D-4FFF-A6A8-7B84CF76DFC6}.Debug|x86.ActiveCfg = Debug|Any CPU
		{5CEDF63C-F00D-4FFF-A6A8-7B84CF76DFC6}.Debug|x86.Build.0 = Debug|Any CPU
		{5CEDF63C-F00D-4FFF-A6A8-7B84CF76DFC6}.Release|Any CPU.ActiveCfg = Release|Any CPU
		{5CEDF63C-F00D-4FFF-A6A8-7B84CF76DFC6}.Release|Any CPU.Build.0 = Release|Any CPU
		{5CEDF63C-F00D-4FFF-A6A8-7B84CF76DFC6}.Release|ARM.ActiveCfg = Release|Any CPU
		{5CEDF63C-F00D-4FFF-A6A8-7B84CF76DFC6}.Release|ARM.Build.0 = Release|Any CPU
		{5CEDF63C-F00D-4FFF-A6A8-7B84CF76DFC6}.Release|iPhone.ActiveCfg = Release|Any CPU
		{5CEDF63C-F00D-4FFF-A6A8-7B84CF76DFC6}.Release|iPhone.Build.0 = Release|Any CPU
		{5CEDF63C-F00D-4FFF-A6A8-7B84CF76DFC6}.Release|iPhoneSimulator.ActiveCfg = Release|Any CPU
		{5CEDF63C-F00D-4FFF-A6A8-7B84CF76DFC6}.Release|iPhoneSimulator.Build.0 = Release|Any CPU
		{5CEDF63C-F00D-4FFF-A6A8-7B84CF76DFC6}.Release|x64.ActiveCfg = Release|Any CPU
		{5CEDF63C-F00D-4FFF-A6A8-7B84CF76DFC6}.Release|x64.Build.0 = Release|Any CPU
		{5CEDF63C-F00D-4FFF-A6A8-7B84CF76DFC6}.Release|x86.ActiveCfg = Release|Any CPU
		{5CEDF63C-F00D-4FFF-A6A8-7B84CF76DFC6}.Release|x86.Build.0 = Release|Any CPU
		{6F4582A1-48D6-4E31-92A0-5032E036FAE7}.Debug|Any CPU.ActiveCfg = Debug|Any CPU
		{6F4582A1-48D6-4E31-92A0-5032E036FAE7}.Debug|Any CPU.Build.0 = Debug|Any CPU
		{6F4582A1-48D6-4E31-92A0-5032E036FAE7}.Debug|ARM.ActiveCfg = Debug|Any CPU
		{6F4582A1-48D6-4E31-92A0-5032E036FAE7}.Debug|ARM.Build.0 = Debug|Any CPU
		{6F4582A1-48D6-4E31-92A0-5032E036FAE7}.Debug|iPhone.ActiveCfg = Debug|Any CPU
		{6F4582A1-48D6-4E31-92A0-5032E036FAE7}.Debug|iPhone.Build.0 = Debug|Any CPU
		{6F4582A1-48D6-4E31-92A0-5032E036FAE7}.Debug|iPhoneSimulator.ActiveCfg = Debug|Any CPU
		{6F4582A1-48D6-4E31-92A0-5032E036FAE7}.Debug|iPhoneSimulator.Build.0 = Debug|Any CPU
		{6F4582A1-48D6-4E31-92A0-5032E036FAE7}.Debug|x64.ActiveCfg = Debug|Any CPU
		{6F4582A1-48D6-4E31-92A0-5032E036FAE7}.Debug|x64.Build.0 = Debug|Any CPU
		{6F4582A1-48D6-4E31-92A0-5032E036FAE7}.Debug|x86.ActiveCfg = Debug|Any CPU
		{6F4582A1-48D6-4E31-92A0-5032E036FAE7}.Debug|x86.Build.0 = Debug|Any CPU
		{6F4582A1-48D6-4E31-92A0-5032E036FAE7}.Release|Any CPU.ActiveCfg = Release|Any CPU
		{6F4582A1-48D6-4E31-92A0-5032E036FAE7}.Release|Any CPU.Build.0 = Release|Any CPU
		{6F4582A1-48D6-4E31-92A0-5032E036FAE7}.Release|ARM.ActiveCfg = Release|Any CPU
		{6F4582A1-48D6-4E31-92A0-5032E036FAE7}.Release|ARM.Build.0 = Release|Any CPU
		{6F4582A1-48D6-4E31-92A0-5032E036FAE7}.Release|iPhone.ActiveCfg = Release|Any CPU
		{6F4582A1-48D6-4E31-92A0-5032E036FAE7}.Release|iPhone.Build.0 = Release|Any CPU
		{6F4582A1-48D6-4E31-92A0-5032E036FAE7}.Release|iPhoneSimulator.ActiveCfg = Release|Any CPU
		{6F4582A1-48D6-4E31-92A0-5032E036FAE7}.Release|iPhoneSimulator.Build.0 = Release|Any CPU
		{6F4582A1-48D6-4E31-92A0-5032E036FAE7}.Release|x64.ActiveCfg = Release|Any CPU
		{6F4582A1-48D6-4E31-92A0-5032E036FAE7}.Release|x64.Build.0 = Release|Any CPU
		{6F4582A1-48D6-4E31-92A0-5032E036FAE7}.Release|x86.ActiveCfg = Release|Any CPU
		{6F4582A1-48D6-4E31-92A0-5032E036FAE7}.Release|x86.Build.0 = Release|Any CPU
		{21F37441-231D-4AF3-85BB-E27D766A9EEB}.Debug|Any CPU.ActiveCfg = Debug|Any CPU
		{21F37441-231D-4AF3-85BB-E27D766A9EEB}.Debug|Any CPU.Build.0 = Debug|Any CPU
		{21F37441-231D-4AF3-85BB-E27D766A9EEB}.Debug|ARM.ActiveCfg = Debug|Any CPU
		{21F37441-231D-4AF3-85BB-E27D766A9EEB}.Debug|ARM.Build.0 = Debug|Any CPU
		{21F37441-231D-4AF3-85BB-E27D766A9EEB}.Debug|iPhone.ActiveCfg = Debug|Any CPU
		{21F37441-231D-4AF3-85BB-E27D766A9EEB}.Debug|iPhone.Build.0 = Debug|Any CPU
		{21F37441-231D-4AF3-85BB-E27D766A9EEB}.Debug|iPhoneSimulator.ActiveCfg = Debug|Any CPU
		{21F37441-231D-4AF3-85BB-E27D766A9EEB}.Debug|iPhoneSimulator.Build.0 = Debug|Any CPU
		{21F37441-231D-4AF3-85BB-E27D766A9EEB}.Debug|x64.ActiveCfg = Debug|Any CPU
		{21F37441-231D-4AF3-85BB-E27D766A9EEB}.Debug|x64.Build.0 = Debug|Any CPU
		{21F37441-231D-4AF3-85BB-E27D766A9EEB}.Debug|x86.ActiveCfg = Debug|Any CPU
		{21F37441-231D-4AF3-85BB-E27D766A9EEB}.Debug|x86.Build.0 = Debug|Any CPU
		{21F37441-231D-4AF3-85BB-E27D766A9EEB}.Release|Any CPU.ActiveCfg = Release|Any CPU
		{21F37441-231D-4AF3-85BB-E27D766A9EEB}.Release|Any CPU.Build.0 = Release|Any CPU
		{21F37441-231D-4AF3-85BB-E27D766A9EEB}.Release|ARM.ActiveCfg = Release|Any CPU
		{21F37441-231D-4AF3-85BB-E27D766A9EEB}.Release|ARM.Build.0 = Release|Any CPU
		{21F37441-231D-4AF3-85BB-E27D766A9EEB}.Release|iPhone.ActiveCfg = Release|Any CPU
		{21F37441-231D-4AF3-85BB-E27D766A9EEB}.Release|iPhone.Build.0 = Release|Any CPU
		{21F37441-231D-4AF3-85BB-E27D766A9EEB}.Release|iPhoneSimulator.ActiveCfg = Release|Any CPU
		{21F37441-231D-4AF3-85BB-E27D766A9EEB}.Release|iPhoneSimulator.Build.0 = Release|Any CPU
		{21F37441-231D-4AF3-85BB-E27D766A9EEB}.Release|x64.ActiveCfg = Release|Any CPU
		{21F37441-231D-4AF3-85BB-E27D766A9EEB}.Release|x64.Build.0 = Release|Any CPU
		{21F37441-231D-4AF3-85BB-E27D766A9EEB}.Release|x86.ActiveCfg = Release|Any CPU
		{21F37441-231D-4AF3-85BB-E27D766A9EEB}.Release|x86.Build.0 = Release|Any CPU
		{9D9D90F3-3E7A-4847-A956-B077E2CC6064}.Debug|Any CPU.ActiveCfg = Debug|Any CPU
		{9D9D90F3-3E7A-4847-A956-B077E2CC6064}.Debug|Any CPU.Build.0 = Debug|Any CPU
		{9D9D90F3-3E7A-4847-A956-B077E2CC6064}.Debug|ARM.ActiveCfg = Debug|Any CPU
		{9D9D90F3-3E7A-4847-A956-B077E2CC6064}.Debug|ARM.Build.0 = Debug|Any CPU
		{9D9D90F3-3E7A-4847-A956-B077E2CC6064}.Debug|iPhone.ActiveCfg = Debug|Any CPU
		{9D9D90F3-3E7A-4847-A956-B077E2CC6064}.Debug|iPhone.Build.0 = Debug|Any CPU
		{9D9D90F3-3E7A-4847-A956-B077E2CC6064}.Debug|iPhoneSimulator.ActiveCfg = Debug|Any CPU
		{9D9D90F3-3E7A-4847-A956-B077E2CC6064}.Debug|iPhoneSimulator.Build.0 = Debug|Any CPU
		{9D9D90F3-3E7A-4847-A956-B077E2CC6064}.Debug|x64.ActiveCfg = Debug|Any CPU
		{9D9D90F3-3E7A-4847-A956-B077E2CC6064}.Debug|x64.Build.0 = Debug|Any CPU
		{9D9D90F3-3E7A-4847-A956-B077E2CC6064}.Debug|x86.ActiveCfg = Debug|Any CPU
		{9D9D90F3-3E7A-4847-A956-B077E2CC6064}.Debug|x86.Build.0 = Debug|Any CPU
		{9D9D90F3-3E7A-4847-A956-B077E2CC6064}.Release|Any CPU.ActiveCfg = Release|Any CPU
		{9D9D90F3-3E7A-4847-A956-B077E2CC6064}.Release|Any CPU.Build.0 = Release|Any CPU
		{9D9D90F3-3E7A-4847-A956-B077E2CC6064}.Release|ARM.ActiveCfg = Release|Any CPU
		{9D9D90F3-3E7A-4847-A956-B077E2CC6064}.Release|ARM.Build.0 = Release|Any CPU
		{9D9D90F3-3E7A-4847-A956-B077E2CC6064}.Release|iPhone.ActiveCfg = Release|Any CPU
		{9D9D90F3-3E7A-4847-A956-B077E2CC6064}.Release|iPhone.Build.0 = Release|Any CPU
		{9D9D90F3-3E7A-4847-A956-B077E2CC6064}.Release|iPhoneSimulator.ActiveCfg = Release|Any CPU
		{9D9D90F3-3E7A-4847-A956-B077E2CC6064}.Release|iPhoneSimulator.Build.0 = Release|Any CPU
		{9D9D90F3-3E7A-4847-A956-B077E2CC6064}.Release|x64.ActiveCfg = Release|Any CPU
		{9D9D90F3-3E7A-4847-A956-B077E2CC6064}.Release|x64.Build.0 = Release|Any CPU
		{9D9D90F3-3E7A-4847-A956-B077E2CC6064}.Release|x86.ActiveCfg = Release|Any CPU
		{9D9D90F3-3E7A-4847-A956-B077E2CC6064}.Release|x86.Build.0 = Release|Any CPU
		{0670A5C2-C126-4DA1-9C88-B103E8CF36F5}.Debug|Any CPU.ActiveCfg = Debug|Any CPU
		{0670A5C2-C126-4DA1-9C88-B103E8CF36F5}.Debug|Any CPU.Build.0 = Debug|Any CPU
		{0670A5C2-C126-4DA1-9C88-B103E8CF36F5}.Debug|ARM.ActiveCfg = Debug|Any CPU
		{0670A5C2-C126-4DA1-9C88-B103E8CF36F5}.Debug|ARM.Build.0 = Debug|Any CPU
		{0670A5C2-C126-4DA1-9C88-B103E8CF36F5}.Debug|iPhone.ActiveCfg = Debug|Any CPU
		{0670A5C2-C126-4DA1-9C88-B103E8CF36F5}.Debug|iPhone.Build.0 = Debug|Any CPU
		{0670A5C2-C126-4DA1-9C88-B103E8CF36F5}.Debug|iPhoneSimulator.ActiveCfg = Debug|Any CPU
		{0670A5C2-C126-4DA1-9C88-B103E8CF36F5}.Debug|iPhoneSimulator.Build.0 = Debug|Any CPU
		{0670A5C2-C126-4DA1-9C88-B103E8CF36F5}.Debug|x64.ActiveCfg = Debug|Any CPU
		{0670A5C2-C126-4DA1-9C88-B103E8CF36F5}.Debug|x64.Build.0 = Debug|Any CPU
		{0670A5C2-C126-4DA1-9C88-B103E8CF36F5}.Debug|x86.ActiveCfg = Debug|Any CPU
		{0670A5C2-C126-4DA1-9C88-B103E8CF36F5}.Debug|x86.Build.0 = Debug|Any CPU
		{0670A5C2-C126-4DA1-9C88-B103E8CF36F5}.Release|Any CPU.ActiveCfg = Release|Any CPU
		{0670A5C2-C126-4DA1-9C88-B103E8CF36F5}.Release|Any CPU.Build.0 = Release|Any CPU
		{0670A5C2-C126-4DA1-9C88-B103E8CF36F5}.Release|ARM.ActiveCfg = Release|Any CPU
		{0670A5C2-C126-4DA1-9C88-B103E8CF36F5}.Release|ARM.Build.0 = Release|Any CPU
		{0670A5C2-C126-4DA1-9C88-B103E8CF36F5}.Release|iPhone.ActiveCfg = Release|Any CPU
		{0670A5C2-C126-4DA1-9C88-B103E8CF36F5}.Release|iPhone.Build.0 = Release|Any CPU
		{0670A5C2-C126-4DA1-9C88-B103E8CF36F5}.Release|iPhoneSimulator.ActiveCfg = Release|Any CPU
		{0670A5C2-C126-4DA1-9C88-B103E8CF36F5}.Release|iPhoneSimulator.Build.0 = Release|Any CPU
		{0670A5C2-C126-4DA1-9C88-B103E8CF36F5}.Release|x64.ActiveCfg = Release|Any CPU
		{0670A5C2-C126-4DA1-9C88-B103E8CF36F5}.Release|x64.Build.0 = Release|Any CPU
		{0670A5C2-C126-4DA1-9C88-B103E8CF36F5}.Release|x86.ActiveCfg = Release|Any CPU
		{0670A5C2-C126-4DA1-9C88-B103E8CF36F5}.Release|x86.Build.0 = Release|Any CPU
		{0C734B75-006C-41D3-8C52-2DC2B60E1AFC}.Debug|Any CPU.ActiveCfg = Debug|Any CPU
		{0C734B75-006C-41D3-8C52-2DC2B60E1AFC}.Debug|Any CPU.Build.0 = Debug|Any CPU
		{0C734B75-006C-41D3-8C52-2DC2B60E1AFC}.Debug|ARM.ActiveCfg = Debug|Any CPU
		{0C734B75-006C-41D3-8C52-2DC2B60E1AFC}.Debug|ARM.Build.0 = Debug|Any CPU
		{0C734B75-006C-41D3-8C52-2DC2B60E1AFC}.Debug|iPhone.ActiveCfg = Debug|Any CPU
		{0C734B75-006C-41D3-8C52-2DC2B60E1AFC}.Debug|iPhone.Build.0 = Debug|Any CPU
		{0C734B75-006C-41D3-8C52-2DC2B60E1AFC}.Debug|iPhoneSimulator.ActiveCfg = Debug|Any CPU
		{0C734B75-006C-41D3-8C52-2DC2B60E1AFC}.Debug|iPhoneSimulator.Build.0 = Debug|Any CPU
		{0C734B75-006C-41D3-8C52-2DC2B60E1AFC}.Debug|x64.ActiveCfg = Debug|Any CPU
		{0C734B75-006C-41D3-8C52-2DC2B60E1AFC}.Debug|x64.Build.0 = Debug|Any CPU
		{0C734B75-006C-41D3-8C52-2DC2B60E1AFC}.Debug|x86.ActiveCfg = Debug|Any CPU
		{0C734B75-006C-41D3-8C52-2DC2B60E1AFC}.Debug|x86.Build.0 = Debug|Any CPU
		{0C734B75-006C-41D3-8C52-2DC2B60E1AFC}.Release|Any CPU.ActiveCfg = Release|Any CPU
		{0C734B75-006C-41D3-8C52-2DC2B60E1AFC}.Release|Any CPU.Build.0 = Release|Any CPU
		{0C734B75-006C-41D3-8C52-2DC2B60E1AFC}.Release|ARM.ActiveCfg = Release|Any CPU
		{0C734B75-006C-41D3-8C52-2DC2B60E1AFC}.Release|ARM.Build.0 = Release|Any CPU
		{0C734B75-006C-41D3-8C52-2DC2B60E1AFC}.Release|iPhone.ActiveCfg = Release|Any CPU
		{0C734B75-006C-41D3-8C52-2DC2B60E1AFC}.Release|iPhone.Build.0 = Release|Any CPU
		{0C734B75-006C-41D3-8C52-2DC2B60E1AFC}.Release|iPhoneSimulator.ActiveCfg = Release|Any CPU
		{0C734B75-006C-41D3-8C52-2DC2B60E1AFC}.Release|iPhoneSimulator.Build.0 = Release|Any CPU
		{0C734B75-006C-41D3-8C52-2DC2B60E1AFC}.Release|x64.ActiveCfg = Release|Any CPU
		{0C734B75-006C-41D3-8C52-2DC2B60E1AFC}.Release|x64.Build.0 = Release|Any CPU
		{0C734B75-006C-41D3-8C52-2DC2B60E1AFC}.Release|x86.ActiveCfg = Release|Any CPU
		{0C734B75-006C-41D3-8C52-2DC2B60E1AFC}.Release|x86.Build.0 = Release|Any CPU
		{2023F4AD-0EE6-41FF-B44F-9A57A944DBF7}.Debug|Any CPU.ActiveCfg = Debug|Any CPU
		{2023F4AD-0EE6-41FF-B44F-9A57A944DBF7}.Debug|Any CPU.Build.0 = Debug|Any CPU
		{2023F4AD-0EE6-41FF-B44F-9A57A944DBF7}.Debug|ARM.ActiveCfg = Debug|Any CPU
		{2023F4AD-0EE6-41FF-B44F-9A57A944DBF7}.Debug|ARM.Build.0 = Debug|Any CPU
		{2023F4AD-0EE6-41FF-B44F-9A57A944DBF7}.Debug|iPhone.ActiveCfg = Debug|Any CPU
		{2023F4AD-0EE6-41FF-B44F-9A57A944DBF7}.Debug|iPhone.Build.0 = Debug|Any CPU
		{2023F4AD-0EE6-41FF-B44F-9A57A944DBF7}.Debug|iPhoneSimulator.ActiveCfg = Debug|Any CPU
		{2023F4AD-0EE6-41FF-B44F-9A57A944DBF7}.Debug|iPhoneSimulator.Build.0 = Debug|Any CPU
		{2023F4AD-0EE6-41FF-B44F-9A57A944DBF7}.Debug|x64.ActiveCfg = Debug|Any CPU
		{2023F4AD-0EE6-41FF-B44F-9A57A944DBF7}.Debug|x64.Build.0 = Debug|Any CPU
		{2023F4AD-0EE6-41FF-B44F-9A57A944DBF7}.Debug|x86.ActiveCfg = Debug|Any CPU
		{2023F4AD-0EE6-41FF-B44F-9A57A944DBF7}.Debug|x86.Build.0 = Debug|Any CPU
		{2023F4AD-0EE6-41FF-B44F-9A57A944DBF7}.Release|Any CPU.ActiveCfg = Release|Any CPU
		{2023F4AD-0EE6-41FF-B44F-9A57A944DBF7}.Release|Any CPU.Build.0 = Release|Any CPU
		{2023F4AD-0EE6-41FF-B44F-9A57A944DBF7}.Release|ARM.ActiveCfg = Release|Any CPU
		{2023F4AD-0EE6-41FF-B44F-9A57A944DBF7}.Release|ARM.Build.0 = Release|Any CPU
		{2023F4AD-0EE6-41FF-B44F-9A57A944DBF7}.Release|iPhone.ActiveCfg = Release|Any CPU
		{2023F4AD-0EE6-41FF-B44F-9A57A944DBF7}.Release|iPhone.Build.0 = Release|Any CPU
		{2023F4AD-0EE6-41FF-B44F-9A57A944DBF7}.Release|iPhoneSimulator.ActiveCfg = Release|Any CPU
		{2023F4AD-0EE6-41FF-B44F-9A57A944DBF7}.Release|iPhoneSimulator.Build.0 = Release|Any CPU
		{2023F4AD-0EE6-41FF-B44F-9A57A944DBF7}.Release|x64.ActiveCfg = Release|Any CPU
		{2023F4AD-0EE6-41FF-B44F-9A57A944DBF7}.Release|x64.Build.0 = Release|Any CPU
		{2023F4AD-0EE6-41FF-B44F-9A57A944DBF7}.Release|x86.ActiveCfg = Release|Any CPU
		{2023F4AD-0EE6-41FF-B44F-9A57A944DBF7}.Release|x86.Build.0 = Release|Any CPU
		{01A487FB-9A20-4161-8F06-178D48B48526}.Debug|Any CPU.ActiveCfg = Debug|Any CPU
		{01A487FB-9A20-4161-8F06-178D48B48526}.Debug|Any CPU.Build.0 = Debug|Any CPU
		{01A487FB-9A20-4161-8F06-178D48B48526}.Debug|ARM.ActiveCfg = Debug|Any CPU
		{01A487FB-9A20-4161-8F06-178D48B48526}.Debug|ARM.Build.0 = Debug|Any CPU
		{01A487FB-9A20-4161-8F06-178D48B48526}.Debug|iPhone.ActiveCfg = Debug|Any CPU
		{01A487FB-9A20-4161-8F06-178D48B48526}.Debug|iPhone.Build.0 = Debug|Any CPU
		{01A487FB-9A20-4161-8F06-178D48B48526}.Debug|iPhoneSimulator.ActiveCfg = Debug|Any CPU
		{01A487FB-9A20-4161-8F06-178D48B48526}.Debug|iPhoneSimulator.Build.0 = Debug|Any CPU
		{01A487FB-9A20-4161-8F06-178D48B48526}.Debug|x64.ActiveCfg = Debug|Any CPU
		{01A487FB-9A20-4161-8F06-178D48B48526}.Debug|x64.Build.0 = Debug|Any CPU
		{01A487FB-9A20-4161-8F06-178D48B48526}.Debug|x86.ActiveCfg = Debug|Any CPU
		{01A487FB-9A20-4161-8F06-178D48B48526}.Debug|x86.Build.0 = Debug|Any CPU
		{01A487FB-9A20-4161-8F06-178D48B48526}.Release|Any CPU.ActiveCfg = Release|Any CPU
		{01A487FB-9A20-4161-8F06-178D48B48526}.Release|Any CPU.Build.0 = Release|Any CPU
		{01A487FB-9A20-4161-8F06-178D48B48526}.Release|ARM.ActiveCfg = Release|Any CPU
		{01A487FB-9A20-4161-8F06-178D48B48526}.Release|ARM.Build.0 = Release|Any CPU
		{01A487FB-9A20-4161-8F06-178D48B48526}.Release|iPhone.ActiveCfg = Release|Any CPU
		{01A487FB-9A20-4161-8F06-178D48B48526}.Release|iPhone.Build.0 = Release|Any CPU
		{01A487FB-9A20-4161-8F06-178D48B48526}.Release|iPhoneSimulator.ActiveCfg = Release|Any CPU
		{01A487FB-9A20-4161-8F06-178D48B48526}.Release|iPhoneSimulator.Build.0 = Release|Any CPU
		{01A487FB-9A20-4161-8F06-178D48B48526}.Release|x64.ActiveCfg = Release|Any CPU
		{01A487FB-9A20-4161-8F06-178D48B48526}.Release|x64.Build.0 = Release|Any CPU
		{01A487FB-9A20-4161-8F06-178D48B48526}.Release|x86.ActiveCfg = Release|Any CPU
		{01A487FB-9A20-4161-8F06-178D48B48526}.Release|x86.Build.0 = Release|Any CPU
		{B1078E26-098B-46A9-9D07-6962CC26C218}.Debug|Any CPU.ActiveCfg = Debug|Any CPU
		{B1078E26-098B-46A9-9D07-6962CC26C218}.Debug|Any CPU.Build.0 = Debug|Any CPU
		{B1078E26-098B-46A9-9D07-6962CC26C218}.Debug|ARM.ActiveCfg = Debug|Any CPU
		{B1078E26-098B-46A9-9D07-6962CC26C218}.Debug|ARM.Build.0 = Debug|Any CPU
		{B1078E26-098B-46A9-9D07-6962CC26C218}.Debug|iPhone.ActiveCfg = Debug|Any CPU
		{B1078E26-098B-46A9-9D07-6962CC26C218}.Debug|iPhone.Build.0 = Debug|Any CPU
		{B1078E26-098B-46A9-9D07-6962CC26C218}.Debug|iPhoneSimulator.ActiveCfg = Debug|Any CPU
		{B1078E26-098B-46A9-9D07-6962CC26C218}.Debug|iPhoneSimulator.Build.0 = Debug|Any CPU
		{B1078E26-098B-46A9-9D07-6962CC26C218}.Debug|x64.ActiveCfg = Debug|Any CPU
		{B1078E26-098B-46A9-9D07-6962CC26C218}.Debug|x64.Build.0 = Debug|Any CPU
		{B1078E26-098B-46A9-9D07-6962CC26C218}.Debug|x86.ActiveCfg = Debug|Any CPU
		{B1078E26-098B-46A9-9D07-6962CC26C218}.Debug|x86.Build.0 = Debug|Any CPU
		{B1078E26-098B-46A9-9D07-6962CC26C218}.Release|Any CPU.ActiveCfg = Release|Any CPU
		{B1078E26-098B-46A9-9D07-6962CC26C218}.Release|Any CPU.Build.0 = Release|Any CPU
		{B1078E26-098B-46A9-9D07-6962CC26C218}.Release|ARM.ActiveCfg = Release|Any CPU
		{B1078E26-098B-46A9-9D07-6962CC26C218}.Release|ARM.Build.0 = Release|Any CPU
		{B1078E26-098B-46A9-9D07-6962CC26C218}.Release|iPhone.ActiveCfg = Release|Any CPU
		{B1078E26-098B-46A9-9D07-6962CC26C218}.Release|iPhone.Build.0 = Release|Any CPU
		{B1078E26-098B-46A9-9D07-6962CC26C218}.Release|iPhoneSimulator.ActiveCfg = Release|Any CPU
		{B1078E26-098B-46A9-9D07-6962CC26C218}.Release|iPhoneSimulator.Build.0 = Release|Any CPU
		{B1078E26-098B-46A9-9D07-6962CC26C218}.Release|x64.ActiveCfg = Release|Any CPU
		{B1078E26-098B-46A9-9D07-6962CC26C218}.Release|x64.Build.0 = Release|Any CPU
		{B1078E26-098B-46A9-9D07-6962CC26C218}.Release|x86.ActiveCfg = Release|Any CPU
		{B1078E26-098B-46A9-9D07-6962CC26C218}.Release|x86.Build.0 = Release|Any CPU
		{05DF3B97-7160-4C46-BE01-94F1BA59233C}.Debug|Any CPU.ActiveCfg = Debug|Any CPU
		{05DF3B97-7160-4C46-BE01-94F1BA59233C}.Debug|Any CPU.Build.0 = Debug|Any CPU
		{05DF3B97-7160-4C46-BE01-94F1BA59233C}.Debug|ARM.ActiveCfg = Debug|Any CPU
		{05DF3B97-7160-4C46-BE01-94F1BA59233C}.Debug|ARM.Build.0 = Debug|Any CPU
		{05DF3B97-7160-4C46-BE01-94F1BA59233C}.Debug|iPhone.ActiveCfg = Debug|Any CPU
		{05DF3B97-7160-4C46-BE01-94F1BA59233C}.Debug|iPhone.Build.0 = Debug|Any CPU
		{05DF3B97-7160-4C46-BE01-94F1BA59233C}.Debug|iPhoneSimulator.ActiveCfg = Debug|Any CPU
		{05DF3B97-7160-4C46-BE01-94F1BA59233C}.Debug|iPhoneSimulator.Build.0 = Debug|Any CPU
		{05DF3B97-7160-4C46-BE01-94F1BA59233C}.Debug|x64.ActiveCfg = Debug|Any CPU
		{05DF3B97-7160-4C46-BE01-94F1BA59233C}.Debug|x64.Build.0 = Debug|Any CPU
		{05DF3B97-7160-4C46-BE01-94F1BA59233C}.Debug|x86.ActiveCfg = Debug|Any CPU
		{05DF3B97-7160-4C46-BE01-94F1BA59233C}.Debug|x86.Build.0 = Debug|Any CPU
		{05DF3B97-7160-4C46-BE01-94F1BA59233C}.Release|Any CPU.ActiveCfg = Release|Any CPU
		{05DF3B97-7160-4C46-BE01-94F1BA59233C}.Release|Any CPU.Build.0 = Release|Any CPU
		{05DF3B97-7160-4C46-BE01-94F1BA59233C}.Release|ARM.ActiveCfg = Release|Any CPU
		{05DF3B97-7160-4C46-BE01-94F1BA59233C}.Release|ARM.Build.0 = Release|Any CPU
		{05DF3B97-7160-4C46-BE01-94F1BA59233C}.Release|iPhone.ActiveCfg = Release|Any CPU
		{05DF3B97-7160-4C46-BE01-94F1BA59233C}.Release|iPhone.Build.0 = Release|Any CPU
		{05DF3B97-7160-4C46-BE01-94F1BA59233C}.Release|iPhoneSimulator.ActiveCfg = Release|Any CPU
		{05DF3B97-7160-4C46-BE01-94F1BA59233C}.Release|iPhoneSimulator.Build.0 = Release|Any CPU
		{05DF3B97-7160-4C46-BE01-94F1BA59233C}.Release|x64.ActiveCfg = Release|Any CPU
		{05DF3B97-7160-4C46-BE01-94F1BA59233C}.Release|x64.Build.0 = Release|Any CPU
		{05DF3B97-7160-4C46-BE01-94F1BA59233C}.Release|x86.ActiveCfg = Release|Any CPU
		{05DF3B97-7160-4C46-BE01-94F1BA59233C}.Release|x86.Build.0 = Release|Any CPU
		{2DC6A5F2-1E75-4022-89FA-C54991D026C5}.Debug|Any CPU.ActiveCfg = Debug|Any CPU
		{2DC6A5F2-1E75-4022-89FA-C54991D026C5}.Debug|Any CPU.Build.0 = Debug|Any CPU
		{2DC6A5F2-1E75-4022-89FA-C54991D026C5}.Debug|ARM.ActiveCfg = Debug|Any CPU
		{2DC6A5F2-1E75-4022-89FA-C54991D026C5}.Debug|ARM.Build.0 = Debug|Any CPU
		{2DC6A5F2-1E75-4022-89FA-C54991D026C5}.Debug|iPhone.ActiveCfg = Debug|Any CPU
		{2DC6A5F2-1E75-4022-89FA-C54991D026C5}.Debug|iPhone.Build.0 = Debug|Any CPU
		{2DC6A5F2-1E75-4022-89FA-C54991D026C5}.Debug|iPhoneSimulator.ActiveCfg = Debug|Any CPU
		{2DC6A5F2-1E75-4022-89FA-C54991D026C5}.Debug|iPhoneSimulator.Build.0 = Debug|Any CPU
		{2DC6A5F2-1E75-4022-89FA-C54991D026C5}.Debug|x64.ActiveCfg = Debug|Any CPU
		{2DC6A5F2-1E75-4022-89FA-C54991D026C5}.Debug|x64.Build.0 = Debug|Any CPU
		{2DC6A5F2-1E75-4022-89FA-C54991D026C5}.Debug|x86.ActiveCfg = Debug|Any CPU
		{2DC6A5F2-1E75-4022-89FA-C54991D026C5}.Debug|x86.Build.0 = Debug|Any CPU
		{2DC6A5F2-1E75-4022-89FA-C54991D026C5}.Release|Any CPU.ActiveCfg = Release|Any CPU
		{2DC6A5F2-1E75-4022-89FA-C54991D026C5}.Release|Any CPU.Build.0 = Release|Any CPU
		{2DC6A5F2-1E75-4022-89FA-C54991D026C5}.Release|ARM.ActiveCfg = Release|Any CPU
		{2DC6A5F2-1E75-4022-89FA-C54991D026C5}.Release|ARM.Build.0 = Release|Any CPU
		{2DC6A5F2-1E75-4022-89FA-C54991D026C5}.Release|iPhone.ActiveCfg = Release|Any CPU
		{2DC6A5F2-1E75-4022-89FA-C54991D026C5}.Release|iPhone.Build.0 = Release|Any CPU
		{2DC6A5F2-1E75-4022-89FA-C54991D026C5}.Release|iPhoneSimulator.ActiveCfg = Release|Any CPU
		{2DC6A5F2-1E75-4022-89FA-C54991D026C5}.Release|iPhoneSimulator.Build.0 = Release|Any CPU
		{2DC6A5F2-1E75-4022-89FA-C54991D026C5}.Release|x64.ActiveCfg = Release|Any CPU
		{2DC6A5F2-1E75-4022-89FA-C54991D026C5}.Release|x64.Build.0 = Release|Any CPU
		{2DC6A5F2-1E75-4022-89FA-C54991D026C5}.Release|x86.ActiveCfg = Release|Any CPU
		{2DC6A5F2-1E75-4022-89FA-C54991D026C5}.Release|x86.Build.0 = Release|Any CPU
	EndGlobalSection
	GlobalSection(SolutionProperties) = preSolution
		HideSolutionNode = FALSE
	EndGlobalSection
	GlobalSection(NestedProjects) = preSolution
		{7BCBAE44-328C-4210-91C7-D59F6694F6E1} = {70A3A8F4-E671-48D6-8253-5C0944CE7197}
		{1DFF824F-133F-41B1-ABB0-2836C99D826D} = {74DB6B1A-CA10-42A9-A98F-91D48919D90C}
		{60A4CA97-8A2C-4675-927D-D94B00E378EA} = {15DE1CC1-E01C-436B-B33E-999FFE71D0D0}
		{5E445F5D-1ED0-498B-A378-1974391AD7B7} = {EB459CF1-289B-4255-B3EB-0629E8651131}
		{71CBEDA2-F4C7-4ADF-AA3C-BA1DA6B24202} = {2B0A0827-D8DC-4D7D-BCE9-09021B1BDAC6}
		{DE61F67E-63BE-4450-8144-4E2A09F34A54} = {20A5EBE5-5F34-4016-B7C0-E62E7695DB0E}
		{6BC91C38-AFA2-4415-A2AC-3AE4F36DF3ED} = {C2FD602A-FD50-49CF-8FDC-683B1D222081}
		{764DAFCC-D2AF-4DD7-B18F-43FEA10E1A01} = {5CD7BF24-D4AF-4D7A-AB0C-6072B17645DC}
		{2CDC97E2-FEBE-4070-87E8-C23EF7E577A7} = {B012B196-CBA4-43D7-B1FE-89865AE6867B}
		{7440A834-FE7C-4360-BCE1-6AA2E5246D2B} = {9D99E39E-F476-4378-9E50-62F2B9878D26}
		{E6095F2B-CD3E-44E9-90AF-98CD927365C6} = {20154D21-5C35-4FFE-8D0D-C762EF10B595}
		{9D99E39E-F476-4378-9E50-62F2B9878D26} = {E6095F2B-CD3E-44E9-90AF-98CD927365C6}
		{A9DF5EA1-16FD-4184-87B9-D9CA1DC667A3} = {481E39A1-D56F-46F2-8D97-1F82BDECD5C7}
		{B012B196-CBA4-43D7-B1FE-89865AE6867B} = {A9DF5EA1-16FD-4184-87B9-D9CA1DC667A3}
		{85C772DF-7C04-4874-85AA-A53E11337BFE} = {481E39A1-D56F-46F2-8D97-1F82BDECD5C7}
		{74DB6B1A-CA10-42A9-A98F-91D48919D90C} = {85C772DF-7C04-4874-85AA-A53E11337BFE}
		{EF8BDFCD-F930-42AF-95CC-8EC1CF12FA13} = {481E39A1-D56F-46F2-8D97-1F82BDECD5C7}
		{15DE1CC1-E01C-436B-B33E-999FFE71D0D0} = {EF8BDFCD-F930-42AF-95CC-8EC1CF12FA13}
		{F01DE224-0495-4390-A1CE-6384DD203BE4} = {481E39A1-D56F-46F2-8D97-1F82BDECD5C7}
		{70A3A8F4-E671-48D6-8253-5C0944CE7197} = {F01DE224-0495-4390-A1CE-6384DD203BE4}
		{0580497E-B476-4BCD-93C7-DC4129950E58} = {868CCC5C-EC0E-4343-8FC6-D34D759473B2}
		{D35F0131-5A2B-4119-9FB5-414ECE3229CA} = {0580497E-B476-4BCD-93C7-DC4129950E58}
		{EB459CF1-289B-4255-B3EB-0629E8651131} = {59E6230E-AE73-40CD-A734-B21BDAF5BAE0}
		{35886C77-8DBD-425A-83DB-923E59A8D738} = {1B873B49-5273-4630-8B5B-69A0203B70CF}
		{ED290383-FB84-4ACC-94B9-252732177E0C} = {1B873B49-5273-4630-8B5B-69A0203B70CF}
		{56CFD0EF-1141-4A77-A691-E4261CAA7112} = {1B873B49-5273-4630-8B5B-69A0203B70CF}
		{65265E1F-7B92-4356-9492-634A7E91083A} = {1B873B49-5273-4630-8B5B-69A0203B70CF}
		{2B0A0827-D8DC-4D7D-BCE9-09021B1BDAC6} = {35886C77-8DBD-425A-83DB-923E59A8D738}
		{20A5EBE5-5F34-4016-B7C0-E62E7695DB0E} = {ED290383-FB84-4ACC-94B9-252732177E0C}
		{C2FD602A-FD50-49CF-8FDC-683B1D222081} = {65265E1F-7B92-4356-9492-634A7E91083A}
		{5CD7BF24-D4AF-4D7A-AB0C-6072B17645DC} = {56CFD0EF-1141-4A77-A691-E4261CAA7112}
		{F5713DFA-4215-45EE-8A31-E214CBF6FC7B} = {85C772DF-7C04-4874-85AA-A53E11337BFE}
		{84F7ABCD-C84E-4802-A876-18EAEA539116} = {A9DF5EA1-16FD-4184-87B9-D9CA1DC667A3}
		{69AAC28B-D611-4ABB-8113-F58464FD5B79} = {0580497E-B476-4BCD-93C7-DC4129950E58}
		{D919C48F-19A3-4F3D-92AE-0940B1AF0CBD} = {E6095F2B-CD3E-44E9-90AF-98CD927365C6}
		{5CEDF63C-F00D-4FFF-A6A8-7B84CF76DFC6} = {F5713DFA-4215-45EE-8A31-E214CBF6FC7B}
		{6F4582A1-48D6-4E31-92A0-5032E036FAE7} = {84F7ABCD-C84E-4802-A876-18EAEA539116}
		{21F37441-231D-4AF3-85BB-E27D766A9EEB} = {D919C48F-19A3-4F3D-92AE-0940B1AF0CBD}
		{F762FFE7-9B44-47AE-98DA-1259232821A0} = {59E6230E-AE73-40CD-A734-B21BDAF5BAE0}
		{9D9D90F3-3E7A-4847-A956-B077E2CC6064} = {F762FFE7-9B44-47AE-98DA-1259232821A0}
		{1AA7C2B5-DEC8-4C0C-A0E7-1CE5CFF0AC72} = {20154D21-5C35-4FFE-8D0D-C762EF10B595}
		{1F624DC6-AB48-4C00-AC73-CEE6633FACF6} = {1AA7C2B5-DEC8-4C0C-A0E7-1CE5CFF0AC72}
		{0670A5C2-C126-4DA1-9C88-B103E8CF36F5} = {1F624DC6-AB48-4C00-AC73-CEE6633FACF6}
		{F4B2DEA5-E916-4AE7-92A5-CAF4C882F498} = {1AA7C2B5-DEC8-4C0C-A0E7-1CE5CFF0AC72}
		{0C734B75-006C-41D3-8C52-2DC2B60E1AFC} = {F4B2DEA5-E916-4AE7-92A5-CAF4C882F498}
		{967C433E-8528-47C1-8DD7-D3FF32A5A179} = {481E39A1-D56F-46F2-8D97-1F82BDECD5C7}
		{78BADB7B-65FD-46EF-877A-AF2630DB34CD} = {967C433E-8528-47C1-8DD7-D3FF32A5A179}
		{2023F4AD-0EE6-41FF-B44F-9A57A944DBF7} = {78BADB7B-65FD-46EF-877A-AF2630DB34CD}
		{01A487FB-9A20-4161-8F06-178D48B48526} = {D35F0131-5A2B-4119-9FB5-414ECE3229CA}
		{B1078E26-098B-46A9-9D07-6962CC26C218} = {69AAC28B-D611-4ABB-8113-F58464FD5B79}
		{BE7ECFC4-D4B7-45C3-A107-5F42C6B440B7} = {20154D21-5C35-4FFE-8D0D-C762EF10B595}
		{6944CE18-627D-4F90-8ACD-8B0A652ABD6D} = {BE7ECFC4-D4B7-45C3-A107-5F42C6B440B7}
		{05DF3B97-7160-4C46-BE01-94F1BA59233C} = {6944CE18-627D-4F90-8ACD-8B0A652ABD6D}
		{919A6D82-94AD-4B87-9E21-3DBA70094430} = {BE7ECFC4-D4B7-45C3-A107-5F42C6B440B7}
		{2DC6A5F2-1E75-4022-89FA-C54991D026C5} = {919A6D82-94AD-4B87-9E21-3DBA70094430}
	EndGlobalSection
	GlobalSection(ExtensibilityGlobals) = postSolution
		SolutionGuid = {29F6A994-A21D-4A1C-985A-B930D392F254}
	EndGlobalSection
EndGlobal
