
Microsoft Visual Studio Solution File, Format Version 12.00
# Visual Studio 15
VisualStudioVersion = 15.0.27004.2002
MinimumVisualStudioVersion = 10.0.40219.1
Project("{FAE04EC0-301F-11D3-BF4B-00C04F79EFBC}") = "DevExpress.Xpo.XamarinFormsDemo.Android", "XpoXamarinFormsDemo\XpoXamarinFormsDemo.Android\DevExpress.Xpo.XamarinFormsDemo.Android.csproj", "{71CBEDA2-F4C7-4ADF-AA3C-BA1DA6B24202}"
EndProject
Project("{FAE04EC0-301F-11D3-BF4B-00C04F79EFBC}") = "DevExpress.Xpo.XamarinFormsDemo.iOS", "XpoXamarinFormsDemo\XpoXamarinFormsDemo.iOS\DevExpress.Xpo.XamarinFormsDemo.iOS.csproj", "{DE61F67E-63BE-4450-8144-4E2A09F34A54}"
EndProject
Project("{FAE04EC0-301F-11D3-BF4B-00C04F79EFBC}") = "DevExpress.Xpo.XamarinFormsDemo.UWP", "XpoXamarinFormsDemo\XpoXamarinFormsDemo.UWP\DevExpress.Xpo.XamarinFormsDemo.UWP.csproj", "{764DAFCC-D2AF-4DD7-B18F-43FEA10E1A01}"
EndProject
Project("{9A19103F-16F7-4668-BE54-9A1E7A4F7556}") = "DevExpress.Xpo.XamarinFormsDemo.UI", "XpoXamarinFormsDemo\XpoXamarinFormsDemo.UI\DevExpress.Xpo.XamarinFormsDemo.UI.csproj", "{C8A8FE99-4243-4845-BBDC-8AE816E32632}"
EndProject
Global
	GlobalSection(SolutionConfigurationPlatforms) = preSolution
		Debug|Any CPU = Debug|Any CPU
		Debug|ARM = Debug|ARM
		Debug|iPhone = Debug|iPhone
		Debug|iPhoneSimulator = Debug|iPhoneSimulator
		Debug|x64 = Debug|x64
		Debug|x86 = Debug|x86
		Release|Any CPU = Release|Any CPU
		Release|ARM = Release|ARM
		Release|iPhone = Release|iPhone
		Release|iPhoneSimulator = Release|iPhoneSimulator
		Release|x64 = Release|x64
		Release|x86 = Release|x86
	EndGlobalSection
	GlobalSection(ProjectConfigurationPlatforms) = postSolution
		{71CBEDA2-F4C7-4ADF-AA3C-BA1DA6B24202}.Debug|Any CPU.ActiveCfg = Debug|Any CPU
		{71CBEDA2-F4C7-4ADF-AA3C-BA1DA6B24202}.Debug|Any CPU.Build.0 = Debug|Any CPU
		{71CBEDA2-F4C7-4ADF-AA3C-BA1DA6B24202}.Debug|Any CPU.Deploy.0 = Debug|Any CPU
		{71CBEDA2-F4C7-4ADF-AA3C-BA1DA6B24202}.Debug|ARM.ActiveCfg = Debug|Any CPU
		{71CBEDA2-F4C7-4ADF-AA3C-BA1DA6B24202}.Debug|ARM.Build.0 = Debug|Any CPU
		{71CBEDA2-F4C7-4ADF-AA3C-BA1DA6B24202}.Debug|ARM.Deploy.0 = Debug|Any CPU
		{71CBEDA2-F4C7-4ADF-AA3C-BA1DA6B24202}.Debug|iPhone.ActiveCfg = Debug|Any CPU
		{71CBEDA2-F4C7-4ADF-AA3C-BA1DA6B24202}.Debug|iPhone.Build.0 = Debug|Any CPU
		{71CBEDA2-F4C7-4ADF-AA3C-BA1DA6B24202}.Debug|iPhone.Deploy.0 = Debug|Any CPU
		{71CBEDA2-F4C7-4ADF-AA3C-BA1DA6B24202}.Debug|iPhoneSimulator.ActiveCfg = Debug|Any CPU
		{71CBEDA2-F4C7-4ADF-AA3C-BA1DA6B24202}.Debug|iPhoneSimulator.Build.0 = Debug|Any CPU
		{71CBEDA2-F4C7-4ADF-AA3C-BA1DA6B24202}.Debug|iPhoneSimulator.Deploy.0 = Debug|Any CPU
		{71CBEDA2-F4C7-4ADF-AA3C-BA1DA6B24202}.Debug|x64.ActiveCfg = Debug|Any CPU
		{71CBEDA2-F4C7-4ADF-AA3C-BA1DA6B24202}.Debug|x64.Build.0 = Debug|Any CPU
		{71CBEDA2-F4C7-4ADF-AA3C-BA1DA6B24202}.Debug|x64.Deploy.0 = Debug|Any CPU
		{71CBEDA2-F4C7-4ADF-AA3C-BA1DA6B24202}.Debug|x86.ActiveCfg = Debug|Any CPU
		{71CBEDA2-F4C7-4ADF-AA3C-BA1DA6B24202}.Debug|x86.Build.0 = Debug|Any CPU
		{71CBEDA2-F4C7-4ADF-AA3C-BA1DA6B24202}.Debug|x86.Deploy.0 = Debug|Any CPU
		{71CBEDA2-F4C7-4ADF-AA3C-BA1DA6B24202}.Release|Any CPU.ActiveCfg = Release|Any CPU
		{71CBEDA2-F4C7-4ADF-AA3C-BA1DA6B24202}.Release|Any CPU.Build.0 = Release|Any CPU
		{71CBEDA2-F4C7-4ADF-AA3C-BA1DA6B24202}.Release|Any CPU.Deploy.0 = Release|Any CPU
		{71CBEDA2-F4C7-4ADF-AA3C-BA1DA6B24202}.Release|ARM.ActiveCfg = Release|Any CPU
		{71CBEDA2-F4C7-4ADF-AA3C-BA1DA6B24202}.Release|ARM.Build.0 = Release|Any CPU
		{71CBEDA2-F4C7-4ADF-AA3C-BA1DA6B24202}.Release|ARM.Deploy.0 = Release|Any CPU
		{71CBEDA2-F4C7-4ADF-AA3C-BA1DA6B24202}.Release|iPhone.ActiveCfg = Release|Any CPU
		{71CBEDA2-F4C7-4ADF-AA3C-BA1DA6B24202}.Release|iPhone.Build.0 = Release|Any CPU
		{71CBEDA2-F4C7-4ADF-AA3C-BA1DA6B24202}.Release|iPhone.Deploy.0 = Release|Any CPU
		{71CBEDA2-F4C7-4ADF-AA3C-BA1DA6B24202}.Release|iPhoneSimulator.ActiveCfg = Release|Any CPU
		{71CBEDA2-F4C7-4ADF-AA3C-BA1DA6B24202}.Release|iPhoneSimulator.Build.0 = Release|Any CPU
		{71CBEDA2-F4C7-4ADF-AA3C-BA1DA6B24202}.Release|iPhoneSimulator.Deploy.0 = Release|Any CPU
		{71CBEDA2-F4C7-4ADF-AA3C-BA1DA6B24202}.Release|x64.ActiveCfg = Release|Any CPU
		{71CBEDA2-F4C7-4ADF-AA3C-BA1DA6B24202}.Release|x64.Build.0 = Release|Any CPU
		{71CBEDA2-F4C7-4ADF-AA3C-BA1DA6B24202}.Release|x64.Deploy.0 = Release|Any CPU
		{71CBEDA2-F4C7-4ADF-AA3C-BA1DA6B24202}.Release|x86.ActiveCfg = Release|Any CPU
		{71CBEDA2-F4C7-4ADF-AA3C-BA1DA6B24202}.Release|x86.Build.0 = Release|Any CPU
		{71CBEDA2-F4C7-4ADF-AA3C-BA1DA6B24202}.Release|x86.Deploy.0 = Release|Any CPU
		{DE61F67E-63BE-4450-8144-4E2A09F34A54}.Debug|Any CPU.ActiveCfg = Debug|iPhoneSimulator
		{DE61F67E-63BE-4450-8144-4E2A09F34A54}.Debug|ARM.ActiveCfg = Debug|iPhone
		{DE61F67E-63BE-4450-8144-4E2A09F34A54}.Debug|iPhone.ActiveCfg = Debug|iPhone
		{DE61F67E-63BE-4450-8144-4E2A09F34A54}.Debug|iPhone.Build.0 = Debug|iPhone
		{DE61F67E-63BE-4450-8144-4E2A09F34A54}.Debug|iPhoneSimulator.ActiveCfg = Debug|iPhoneSimulator
		{DE61F67E-63BE-4450-8144-4E2A09F34A54}.Debug|iPhoneSimulator.Build.0 = Debug|iPhoneSimulator
		{DE61F67E-63BE-4450-8144-4E2A09F34A54}.Debug|x64.ActiveCfg = Debug|iPhone
		{DE61F67E-63BE-4450-8144-4E2A09F34A54}.Debug|x86.ActiveCfg = Debug|iPhone
		{DE61F67E-63BE-4450-8144-4E2A09F34A54}.Release|Any CPU.ActiveCfg = Release|iPhoneSimulator
		{DE61F67E-63BE-4450-8144-4E2A09F34A54}.Release|ARM.ActiveCfg = Release|iPhone
		{DE61F67E-63BE-4450-8144-4E2A09F34A54}.Release|iPhone.ActiveCfg = Release|iPhone
		{DE61F67E-63BE-4450-8144-4E2A09F34A54}.Release|iPhone.Build.0 = Release|iPhone
		{DE61F67E-63BE-4450-8144-4E2A09F34A54}.Release|iPhoneSimulator.ActiveCfg = Release|iPhoneSimulator
		{DE61F67E-63BE-4450-8144-4E2A09F34A54}.Release|iPhoneSimulator.Build.0 = Release|iPhoneSimulator
		{DE61F67E-63BE-4450-8144-4E2A09F34A54}.Release|x64.ActiveCfg = Release|iPhone
		{DE61F67E-63BE-4450-8144-4E2A09F34A54}.Release|x86.ActiveCfg = Release|iPhone
		{764DAFCC-D2AF-4DD7-B18F-43FEA10E1A01}.Debug|Any CPU.ActiveCfg = Debug|x86
		{764DAFCC-D2AF-4DD7-B18F-43FEA10E1A01}.Debug|ARM.ActiveCfg = Debug|ARM
		{764DAFCC-D2AF-4DD7-B18F-43FEA10E1A01}.Debug|ARM.Build.0 = Debug|ARM
		{764DAFCC-D2AF-4DD7-B18F-43FEA10E1A01}.Debug|ARM.Deploy.0 = Debug|ARM
		{764DAFCC-D2AF-4DD7-B18F-43FEA10E1A01}.Debug|iPhone.ActiveCfg = Debug|x86
		{764DAFCC-D2AF-4DD7-B18F-43FEA10E1A01}.Debug|iPhoneSimulator.ActiveCfg = Debug|x86
		{764DAFCC-D2AF-4DD7-B18F-43FEA10E1A01}.Debug|x64.ActiveCfg = Debug|x64
		{764DAFCC-D2AF-4DD7-B18F-43FEA10E1A01}.Debug|x64.Build.0 = Debug|x64
		{764DAFCC-D2AF-4DD7-B18F-43FEA10E1A01}.Debug|x64.Deploy.0 = Debug|x64
		{764DAFCC-D2AF-4DD7-B18F-43FEA10E1A01}.Debug|x86.ActiveCfg = Debug|x86
		{764DAFCC-D2AF-4DD7-B18F-43FEA10E1A01}.Debug|x86.Build.0 = Debug|x86
		{764DAFCC-D2AF-4DD7-B18F-43FEA10E1A01}.Debug|x86.Deploy.0 = Debug|x86
		{764DAFCC-D2AF-4DD7-B18F-43FEA10E1A01}.Release|Any CPU.ActiveCfg = Release|x86
		{764DAFCC-D2AF-4DD7-B18F-43FEA10E1A01}.Release|ARM.ActiveCfg = Release|ARM
		{764DAFCC-D2AF-4DD7-B18F-43FEA10E1A01}.Release|ARM.Build.0 = Release|ARM
		{764DAFCC-D2AF-4DD7-B18F-43FEA10E1A01}.Release|ARM.Deploy.0 = Release|ARM
		{764DAFCC-D2AF-4DD7-B18F-43FEA10E1A01}.Release|iPhone.ActiveCfg = Release|x86
		{764DAFCC-D2AF-4DD7-B18F-43FEA10E1A01}.Release|iPhoneSimulator.ActiveCfg = Release|x86
		{764DAFCC-D2AF-4DD7-B18F-43FEA10E1A01}.Release|x64.ActiveCfg = Release|x64
		{764DAFCC-D2AF-4DD7-B18F-43FEA10E1A01}.Release|x64.Build.0 = Release|x64
		{764DAFCC-D2AF-4DD7-B18F-43FEA10E1A01}.Release|x64.Deploy.0 = Release|x64
		{764DAFCC-D2AF-4DD7-B18F-43FEA10E1A01}.Release|x86.ActiveCfg = Release|x86
		{764DAFCC-D2AF-4DD7-B18F-43FEA10E1A01}.Release|x86.Build.0 = Release|x86
		{764DAFCC-D2AF-4DD7-B18F-43FEA10E1A01}.Release|x86.Deploy.0 = Release|x86
		{C8A8FE99-4243-4845-BBDC-8AE816E32632}.Debug|Any CPU.ActiveCfg = Debug|Any CPU
		{C8A8FE99-4243-4845-BBDC-8AE816E32632}.Debug|Any CPU.Build.0 = Debug|Any CPU
		{C8A8FE99-4243-4845-BBDC-8AE816E32632}.Debug|ARM.ActiveCfg = Debug|Any CPU
		{C8A8FE99-4243-4845-BBDC-8AE816E32632}.Debug|ARM.Build.0 = Debug|Any CPU
		{C8A8FE99-4243-4845-BBDC-8AE816E32632}.Debug|iPhone.ActiveCfg = Debug|Any CPU
		{C8A8FE99-4243-4845-BBDC-8AE816E32632}.Debug|iPhone.Build.0 = Debug|Any CPU
		{C8A8FE99-4243-4845-BBDC-8AE816E32632}.Debug|iPhoneSimulator.ActiveCfg = Debug|Any CPU
		{C8A8FE99-4243-4845-BBDC-8AE816E32632}.Debug|iPhoneSimulator.Build.0 = Debug|Any CPU
		{C8A8FE99-4243-4845-BBDC-8AE816E32632}.Debug|x64.ActiveCfg = Debug|Any CPU
		{C8A8FE99-4243-4845-BBDC-8AE816E32632}.Debug|x64.Build.0 = Debug|Any CPU
		{C8A8FE99-4243-4845-BBDC-8AE816E32632}.Debug|x86.ActiveCfg = Debug|Any CPU
		{C8A8FE99-4243-4845-BBDC-8AE816E32632}.Debug|x86.Build.0 = Debug|Any CPU
		{C8A8FE99-4243-4845-BBDC-8AE816E32632}.Release|Any CPU.ActiveCfg = Release|Any CPU
		{C8A8FE99-4243-4845-BBDC-8AE816E32632}.Release|Any CPU.Build.0 = Release|Any CPU
		{C8A8FE99-4243-4845-BBDC-8AE816E32632}.Release|ARM.ActiveCfg = Release|Any CPU
		{C8A8FE99-4243-4845-BBDC-8AE816E32632}.Release|ARM.Build.0 = Release|Any CPU
		{C8A8FE99-4243-4845-BBDC-8AE816E32632}.Release|iPhone.ActiveCfg = Release|Any CPU
		{C8A8FE99-4243-4845-BBDC-8AE816E32632}.Release|iPhone.Build.0 = Release|Any CPU
		{C8A8FE99-4243-4845-BBDC-8AE816E32632}.Release|iPhoneSimulator.ActiveCfg = Release|Any CPU
		{C8A8FE99-4243-4845-BBDC-8AE816E32632}.Release|iPhoneSimulator.Build.0 = Release|Any CPU
		{C8A8FE99-4243-4845-BBDC-8AE816E32632}.Release|x64.ActiveCfg = Release|Any CPU
		{C8A8FE99-4243-4845-BBDC-8AE816E32632}.Release|x64.Build.0 = Release|Any CPU
		{C8A8FE99-4243-4845-BBDC-8AE816E32632}.Release|x86.ActiveCfg = Release|Any CPU
		{C8A8FE99-4243-4845-BBDC-8AE816E32632}.Release|x86.Build.0 = Release|Any CPU
	EndGlobalSection
	GlobalSection(SolutionProperties) = preSolution
		HideSolutionNode = FALSE
	EndGlobalSection
	GlobalSection(ExtensibilityGlobals) = postSolution
		SolutionGuid = {51F999D8-5F91-4BD2-B45F-E56A430520A7}
	EndGlobalSection
EndGlobal
