
Microsoft Visual Studio Solution File, Format Version 12.00
# Visual Studio 15
VisualStudioVersion = 15.0.26730.16
MinimumVisualStudioVersion = 10.0.40219.1
Project("{FAE04EC0-301F-11D3-BF4B-00C04F79EFBC}") = "DevExpress.Xpo.AspNetCoreDemo", "DevExpress.Xpo.AspNetCoreDemo\DevExpress.Xpo.AspNetCoreDemo.csproj", "{5989EBA3-B027-4129-BDA2-8E45339CA5F7}"
EndProject
Global
	GlobalSection(SolutionConfigurationPlatforms) = preSolution
		Debug|Any CPU = Debug|Any CPU
		Release|Any CPU = Release|Any CPU
	EndGlobalSection
	GlobalSection(ProjectConfigurationPlatforms) = postSolution
		{5989EBA3-B027-4129-BDA2-8E45339CA5F7}.Debug|Any CPU.ActiveCfg = Debug|Any CPU
		{5989EBA3-B027-4129-BDA2-8E45339CA5F7}.Debug|Any CPU.Build.0 = Debug|Any CPU
		{5989EBA3-B027-4129-BDA2-8E45339CA5F7}.Release|Any CPU.ActiveCfg = Release|Any CPU
		{5989EBA3-B027-4129-BDA2-8E45339CA5F7}.Release|Any CPU.Build.0 = Release|Any CPU
	EndGlobalSection
	GlobalSection(SolutionProperties) = preSolution
		HideSolutionNode = FALSE
	EndGlobalSection
	GlobalSection(ExtensibilityGlobals) = postSolution
		SolutionGuid = {0248550C-8BAA-4B6B-8D9D-2DF89643A1E7}
	EndGlobalSection
EndGlobal
