
Microsoft Visual Studio Solution File, Format Version 12.00
# Visual Studio Version 16
VisualStudioVersion = 16.0.30413.136
MinimumVisualStudioVersion = 10.0.40219.1
Project("{FAE04EC0-301F-11D3-BF4B-00C04F79EFBC}") = "WebApiApplication", "WebApiApplication.csproj", "{0643801C-37C4-4B52-BDCE-FAC2D5FB2F07}"
EndProject
Global
	GlobalSection(SolutionConfigurationPlatforms) = preSolution
		Debug|Any CPU = Debug|Any CPU
		Release|Any CPU = Release|Any CPU
	EndGlobalSection
	GlobalSection(ProjectConfigurationPlatforms) = postSolution
		{0643801C-37C4-4B52-BDCE-FAC2D5FB2F07}.Debug|Any CPU.ActiveCfg = Debug|Any CPU
		{0643801C-37C4-4B52-BDCE-FAC2D5FB2F07}.Debug|Any CPU.Build.0 = Debug|Any CPU
		{0643801C-37C4-4B52-BDCE-FAC2D5FB2F07}.Release|Any CPU.ActiveCfg = Release|Any CPU
		{0643801C-37C4-4B52-BDCE-FAC2D5FB2F07}.Release|Any CPU.Build.0 = Release|Any CPU
	EndGlobalSection
	GlobalSection(SolutionProperties) = preSolution
		HideSolutionNode = FALSE
	EndGlobalSection
	GlobalSection(ExtensibilityGlobals) = postSolution
		SolutionGuid = {49617BF2-3D1B-4C95-9B7E-AD26515F6E62}
	EndGlobalSection
EndGlobal
