
Microsoft Visual Studio Solution File, Format Version 12.00
# Visual Studio 15
VisualStudioVersion = 15.0.27004.2002
MinimumVisualStudioVersion = 10.0.40219.1
Project("{9A19103F-16F7-4668-BE54-9A1E7A4F7556}") = "DevExpress.Xpo.ConsoleCoreDemo", "XpoConsoleCoreDemo\DevExpress.Xpo.ConsoleCoreDemo.csproj", "{49072778-AE3A-4EF9-9901-AC504B57A0AA}"
EndProject
Global
	GlobalSection(SolutionConfigurationPlatforms) = preSolution
		Debug|Any CPU = Debug|Any CPU
		Release|Any CPU = Release|Any CPU
	EndGlobalSection
	GlobalSection(ProjectConfigurationPlatforms) = postSolution
		{49072778-AE3A-4EF9-9901-AC504B57A0AA}.Debug|Any CPU.ActiveCfg = Debug|Any CPU
		{49072778-AE3A-4EF9-9901-AC504B57A0AA}.Debug|Any CPU.Build.0 = Debug|Any CPU
		{49072778-AE3A-4EF9-9901-AC504B57A0AA}.Release|Any CPU.ActiveCfg = Release|Any CPU
		{49072778-AE3A-4EF9-9901-AC504B57A0AA}.Release|Any CPU.Build.0 = Release|Any CPU
	EndGlobalSection
	GlobalSection(SolutionProperties) = preSolution
		HideSolutionNode = FALSE
	EndGlobalSection
	GlobalSection(ExtensibilityGlobals) = postSolution
		SolutionGuid = {96685102-B989-4634-9CFF-3F29252BDE77}
	EndGlobalSection
EndGlobal
