
Microsoft Visual Studio Solution File, Format Version 12.00
# Visual Studio Version 16
VisualStudioVersion = 16.0.30413.136
MinimumVisualStudioVersion = 10.0.40219.1
Project("{9A19103F-16F7-4668-BE54-9A1E7A4F7556}") = "WebApiApplication", "..\..\WebApi\CS\WebApiApplication.csproj", "{6AD7052C-92CC-4A57-B102-A22ACC1E2B46}"
EndProject
Project("{9A19103F-16F7-4668-BE54-9A1E7A4F7556}") = "BlazorClientSideApplication", "BlazorClientSideApplication.csproj", "{B86E2F49-ED8C-4611-8D25-EBEA08C7983E}"
EndProject
Global
	GlobalSection(SolutionConfigurationPlatforms) = preSolution
		Debug|Any CPU = Debug|Any CPU
		Release|Any CPU = Release|Any CPU
	EndGlobalSection
	GlobalSection(ProjectConfigurationPlatforms) = postSolution
		{6AD7052C-92CC-4A57-B102-A22ACC1E2B46}.Debug|Any CPU.ActiveCfg = Debug|Any CPU
		{6AD7052C-92CC-4A57-B102-A22ACC1E2B46}.Debug|Any CPU.Build.0 = Debug|Any CPU
		{6AD7052C-92CC-4A57-B102-A22ACC1E2B46}.Release|Any CPU.ActiveCfg = Release|Any CPU
		{6AD7052C-92CC-4A57-B102-A22ACC1E2B46}.Release|Any CPU.Build.0 = Release|Any CPU
		{B86E2F49-ED8C-4611-8D25-EBEA08C7983E}.Debug|Any CPU.ActiveCfg = Debug|Any CPU
		{B86E2F49-ED8C-4611-8D25-EBEA08C7983E}.Debug|Any CPU.Build.0 = Debug|Any CPU
		{B86E2F49-ED8C-4611-8D25-EBEA08C7983E}.Release|Any CPU.ActiveCfg = Release|Any CPU
		{B86E2F49-ED8C-4611-8D25-EBEA08C7983E}.Release|Any CPU.Build.0 = Release|Any CPU
	EndGlobalSection
	GlobalSection(SolutionProperties) = preSolution
		HideSolutionNode = FALSE
	EndGlobalSection
	GlobalSection(ExtensibilityGlobals) = postSolution
		SolutionGuid = {9FF0C2A0-C889-47A1-BA43-B62D06EDE5DB}
	EndGlobalSection
EndGlobal
